PODS:
  - CocoaAsyncSocket (7.6.5)
  - GoogleWebRTC (1.1.31999)

DEPENDENCIES:
  - CocoaAsyncSocket
  - GoogleWebRTC

SPEC REPOS:
  trunk:
    - CocoaAsyncSocket
    - GoogleWebRTC

SPEC CHECKSUMS:
  CocoaAsyncSocket: 065fd1e645c7abab64f7a6a2007a48038fdc6a99
  GoogleWebRTC: b39a78c4f5cc6b0323415b9233db03a2faa7b0f0

PODFILE CHECKSUM: 2a0253d60a7183bfa483469c5f0cf586e06a33c5

COCOAPODS: 1.11.2
