// !$*UTF8*$!
{
	archiveVersion = 1;
	classes = {
	};
	objectVersion = 50;
	objects = {

/* Begin PBXBuildFile section */
		54C5CA6C2777863300893FD1 /* SLAMCameraApp.swift in Sources */ = {isa = PBXBuildFile; fileRef = 54C5CA6B2777863300893FD1 /* SLAMCameraApp.swift */; };
		54C5CA6E2777863400893FD1 /* ContentView.swift in Sources */ = {isa = PBXBuildFile; fileRef = 54C5CA6D2777863400893FD1 /* ContentView.swift */; };
		54C5CA702777863800893FD1 /* Assets.xcassets in Resources */ = {isa = PBXBuildFile; fileRef = 54C5CA6F2777863800893FD1 /* Assets.xcassets */; };
		54C5CA732777863800893FD1 /* Preview Assets.xcassets in Resources */ = {isa = PBXBuildFile; fileRef = 54C5CA722777863800893FD1 /* Preview Assets.xcassets */; };
		54C5CA7E2777863800893FD1 /* SLAMCameraTests.swift in Sources */ = {isa = PBXBuildFile; fileRef = 54C5CA7D2777863800893FD1 /* SLAMCameraTests.swift */; };
		54C5CA892777863800893FD1 /* SLAMCameraUITests.swift in Sources */ = {isa = PBXBuildFile; fileRef = 54C5CA882777863800893FD1 /* SLAMCameraUITests.swift */; };
/* End PBXBuildFile section */

/* Begin PBXContainerItemProxy section */
		54C5CA7A2777863800893FD1 /* PBXContainerItemProxy */ = {
			isa = PBXContainerItemProxy;
			containerPortal = 54C5CA602777863300893FD1 /* Project object */;
			proxyType = 1;
			remoteGlobalIDString = 54C5CA672777863300893FD1;
			remoteInfo = SLAMCamera;
		};
		54C5CA852777863800893FD1 /* PBXContainerItemProxy */ = {
			isa = PBXContainerItemProxy;
			containerPortal = 54C5CA602777863300893FD1 /* Project object */;
			proxyType = 1;
			remoteGlobalIDString = 54C5CA672777863300893FD1;
			remoteInfo = SLAMCamera;
		};
/* End PBXContainerItemProxy section */

/* Begin PBXFileReference section */
		54C5CA682777863300893FD1 /* SLAMCamera.app */ = {isa = PBXFileReference; explicitFileType = wrapper.application; includeInIndex = 0; path = SLAMCamera.app; sourceTree = BUILT_PRODUCTS_DIR; };
		54C5CA6B2777863300893FD1 /* SLAMCameraApp.swift */ = {isa = PBXFileReference; lastKnownFileType = sourcecode.swift; path = SLAMCameraApp.swift; sourceTree = "<group>"; };
		54C5CA6D2777863400893FD1 /* ContentView.swift */ = {isa = PBXFileReference; lastKnownFileType = sourcecode.swift; path = ContentView.swift; sourceTree = "<group>"; };
		54C5CA6F2777863800893FD1 /* Assets.xcassets */ = {isa = PBXFileReference; lastKnownFileType = folder.assetcatalog; path = Assets.xcassets; sourceTree = "<group>"; };
		54C5CA722777863800893FD1 /* Preview Assets.xcassets */ = {isa = PBXFileReference; lastKnownFileType = folder.assetcatalog; path = "Preview Assets.xcassets"; sourceTree = "<group>"; };
		54C5CA742777863800893FD1 /* Info.plist */ = {isa = PBXFileReference; lastKnownFileType = text.plist.xml; path = Info.plist; sourceTree = "<group>"; };
		54C5CA792777863800893FD1 /* SLAMCameraTests.xctest */ = {isa = PBXFileReference; explicitFileType = wrapper.cfbundle; includeInIndex = 0; path = SLAMCameraTests.xctest; sourceTree = BUILT_PRODUCTS_DIR; };
		54C5CA7D2777863800893FD1 /* SLAMCameraTests.swift */ = {isa = PBXFileReference; lastKnownFileType = sourcecode.swift; path = SLAMCameraTests.swift; sourceTree = "<group>"; };
		54C5CA7F2777863800893FD1 /* Info.plist */ = {isa = PBXFileReference; lastKnownFileType = text.plist.xml; path = Info.plist; sourceTree = "<group>"; };
		54C5CA842777863800893FD1 /* SLAMCameraUITests.xctest */ = {isa = PBXFileReference; explicitFileType = wrapper.cfbundle; includeInIndex = 0; path = SLAMCameraUITests.xctest; sourceTree = BUILT_PRODUCTS_DIR; };
		54C5CA882777863800893FD1 /* SLAMCameraUITests.swift */ = {isa = PBXFileReference; lastKnownFileType = sourcecode.swift; path = SLAMCameraUITests.swift; sourceTree = "<group>"; };
		54C5CA8A2777863800893FD1 /* Info.plist */ = {isa = PBXFileReference; lastKnownFileType = text.plist.xml; path = Info.plist; sourceTree = "<group>"; };
/* End PBXFileReference section */

/* Begin PBXFrameworksBuildPhase section */
		54C5CA652777863300893FD1 /* Frameworks */ = {
			isa = PBXFrameworksBuildPhase;
			buildActionMask = 2147483647;
			files = (
			);
			runOnlyForDeploymentPostprocessing = 0;
		};
		54C5CA762777863800893FD1 /* Frameworks */ = {
			isa = PBXFrameworksBuildPhase;
			buildActionMask = 2147483647;
			files = (
			);
			runOnlyForDeploymentPostprocessing = 0;
		};
		54C5CA812777863800893FD1 /* Frameworks */ = {
			isa = PBXFrameworksBuildPhase;
			buildActionMask = 2147483647;
			files = (
			);
			runOnlyForDeploymentPostprocessing = 0;
		};
/* End PBXFrameworksBuildPhase section */

/* Begin PBXGroup section */
		54C5CA5F2777863300893FD1 = {
			isa = PBXGroup;
			children = (
				54C5CA6A2777863300893FD1 /* SLAMCamera */,
				54C5CA7C2777863800893FD1 /* SLAMCameraTests */,
				54C5CA872777863800893FD1 /* SLAMCameraUITests */,
				54C5CA692777863300893FD1 /* Products */,
			);
			sourceTree = "<group>";
		};
		54C5CA692777863300893FD1 /* Products */ = {
			isa = PBXGroup;
			children = (
				54C5CA682777863300893FD1 /* SLAMCamera.app */,
				54C5CA792777863800893FD1 /* SLAMCameraTests.xctest */,
				54C5CA842777863800893FD1 /* SLAMCameraUITests.xctest */,
			);
			name = Products;
			sourceTree = "<group>";
		};
		54C5CA6A2777863300893FD1 /* SLAMCamera */ = {
			isa = PBXGroup;
			children = (
				54C5CA6B2777863300893FD1 /* SLAMCameraApp.swift */,
				54C5CA6D2777863400893FD1 /* ContentView.swift */,
				54C5CA6F2777863800893FD1 /* Assets.xcassets */,
				54C5CA742777863800893FD1 /* Info.plist */,
				54C5CA712777863800893FD1 /* Preview Content */,
			);
			path = SLAMCamera;
			sourceTree = "<group>";
		};
		54C5CA712777863800893FD1 /* Preview Content */ = {
			isa = PBXGroup;
			children = (
				54C5CA722777863800893FD1 /* Preview Assets.xcassets */,
			);
			path = "Preview Content";
			sourceTree = "<group>";
		};
		54C5CA7C2777863800893FD1 /* SLAMCameraTests */ = {
			isa = PBXGroup;
			children = (
				54C5CA7D2777863800893FD1 /* SLAMCameraTests.swift */,
				54C5CA7F2777863800893FD1 /* Info.plist */,
			);
			path = SLAMCameraTests;
			sourceTree = "<group>";
		};
		54C5CA872777863800893FD1 /* SLAMCameraUITests */ = {
			isa = PBXGroup;
			children = (
				54C5CA882777863800893FD1 /* SLAMCameraUITests.swift */,
				54C5CA8A2777863800893FD1 /* Info.plist */,
			);
			path = SLAMCameraUITests;
			sourceTree = "<group>";
		};
/* End PBXGroup section */

/* Begin PBXNativeTarget section */
		54C5CA672777863300893FD1 /* SLAMCamera */ = {
			isa = PBXNativeTarget;
			buildConfigurationList = 54C5CA8D2777863800893FD1 /* Build configuration list for PBXNativeTarget "SLAMCamera" */;
			buildPhases = (
				54C5CA642777863300893FD1 /* Sources */,
				54C5CA652777863300893FD1 /* Frameworks */,
				54C5CA662777863300893FD1 /* Resources */,
			);
			buildRules = (
			);
			dependencies = (
			);
			name = SLAMCamera;
			productName = SLAMCamera;
			productReference = 54C5CA682777863300893FD1 /* SLAMCamera.app */;
			productType = "com.apple.product-type.application";
		};
		54C5CA782777863800893FD1 /* SLAMCameraTests */ = {
			isa = PBXNativeTarget;
			buildConfigurationList = 54C5CA902777863800893FD1 /* Build configuration list for PBXNativeTarget "SLAMCameraTests" */;
			buildPhases = (
				54C5CA752777863800893FD1 /* Sources */,
				54C5CA762777863800893FD1 /* Frameworks */,
				54C5CA772777863800893FD1 /* Resources */,
			);
			buildRules = (
			);
			dependencies = (
				54C5CA7B2777863800893FD1 /* PBXTargetDependency */,
			);
			name = SLAMCameraTests;
			productName = SLAMCameraTests;
			productReference = 54C5CA792777863800893FD1 /* SLAMCameraTests.xctest */;
			productType = "com.apple.product-type.bundle.unit-test";
		};
		54C5CA832777863800893FD1 /* SLAMCameraUITests */ = {
			isa = PBXNativeTarget;
			buildConfigurationList = 54C5CA932777863800893FD1 /* Build configuration list for PBXNativeTarget "SLAMCameraUITests" */;
			buildPhases = (
				54C5CA802777863800893FD1 /* Sources */,
				54C5CA812777863800893FD1 /* Frameworks */,
				54C5CA822777863800893FD1 /* Resources */,
			);
			buildRules = (
			);
			dependencies = (
				54C5CA862777863800893FD1 /* PBXTargetDependency */,
			);
			name = SLAMCameraUITests;
			productName = SLAMCameraUITests;
			productReference = 54C5CA842777863800893FD1 /* SLAMCameraUITests.xctest */;
			productType = "com.apple.product-type.bundle.ui-testing";
		};
/* End PBXNativeTarget section */

/* Begin PBXProject section */
		54C5CA602777863300893FD1 /* Project object */ = {
			isa = PBXProject;
			attributes = {
				LastSwiftUpdateCheck = 1210;
				LastUpgradeCheck = 1210;
				TargetAttributes = {
					54C5CA672777863300893FD1 = {
						CreatedOnToolsVersion = 12.1;
					};
					54C5CA782777863800893FD1 = {
						CreatedOnToolsVersion = 12.1;
						TestTargetID = 54C5CA672777863300893FD1;
					};
					54C5CA832777863800893FD1 = {
						CreatedOnToolsVersion = 12.1;
						TestTargetID = 54C5CA672777863300893FD1;
					};
				};
			};
			buildConfigurationList = 54C5CA632777863300893FD1 /* Build configuration list for PBXProject "SLAMCamera" */;
			compatibilityVersion = "Xcode 9.3";
			developmentRegion = en;
			hasScannedForEncodings = 0;
			knownRegions = (
				en,
				Base,
			);
			mainGroup = 54C5CA5F2777863300893FD1;
			productRefGroup = 54C5CA692777863300893FD1 /* Products */;
			projectDirPath = "";
			projectRoot = "";
			targets = (
				54C5CA672777863300893FD1 /* SLAMCamera */,
				54C5CA782777863800893FD1 /* SLAMCameraTests */,
				54C5CA832777863800893FD1 /* SLAMCameraUITests */,
			);
		};
/* End PBXProject section */

/* Begin PBXResourcesBuildPhase section */
		54C5CA662777863300893FD1 /* Resources */ = {
			isa = PBXResourcesBuildPhase;
			buildActionMask = 2147483647;
			files = (
				54C5CA732777863800893FD1 /* Preview Assets.xcassets in Resources */,
				54C5CA702777863800893FD1 /* Assets.xcassets in Resources */,
			);
			runOnlyForDeploymentPostprocessing = 0;
		};
		54C5CA772777863800893FD1 /* Resources */ = {
			isa = PBXResourcesBuildPhase;
			buildActionMask = 2147483647;
			files = (
			);
			runOnlyForDeploymentPostprocessing = 0;
		};
		54C5CA822777863800893FD1 /* Resources */ = {
			isa = PBXResourcesBuildPhase;
			buildActionMask = 2147483647;
			files = (
			);
			runOnlyForDeploymentPostprocessing = 0;
		};
/* End PBXResourcesBuildPhase section */

/* Begin PBXSourcesBuildPhase section */
		54C5CA642777863300893FD1 /* Sources */ = {
			isa = PBXSourcesBuildPhase;
			buildActionMask = 2147483647;
			files = (
				54C5CA6E2777863400893FD1 /* ContentView.swift in Sources */,
				54C5CA6C2777863300893FD1 /* SLAMCameraApp.swift in Sources */,
			);
			runOnlyForDeploymentPostprocessing = 0;
		};
		54C5CA752777863800893FD1 /* Sources */ = {
			isa = PBXSourcesBuildPhase;
			buildActionMask = 2147483647;
			files = (
				54C5CA7E2777863800893FD1 /* SLAMCameraTests.swift in Sources */,
			);
			runOnlyForDeploymentPostprocessing = 0;
		};
		54C5CA802777863800893FD1 /* Sources */ = {
			isa = PBXSourcesBuildPhase;
			buildActionMask = 2147483647;
			files = (
				54C5CA892777863800893FD1 /* SLAMCameraUITests.swift in Sources */,
			);
			runOnlyForDeploymentPostprocessing = 0;
		};
/* End PBXSourcesBuildPhase section */

/* Begin PBXTargetDependency section */
		54C5CA7B2777863800893FD1 /* PBXTargetDependency */ = {
			isa = PBXTargetDependency;
			target = 54C5CA672777863300893FD1 /* SLAMCamera */;
			targetProxy = 54C5CA7A2777863800893FD1 /* PBXContainerItemProxy */;
		};
		54C5CA862777863800893FD1 /* PBXTargetDependency */ = {
			isa = PBXTargetDependency;
			target = 54C5CA672777863300893FD1 /* SLAMCamera */;
			targetProxy = 54C5CA852777863800893FD1 /* PBXContainerItemProxy */;
		};
/* End PBXTargetDependency section */

/* Begin XCBuildConfiguration section */
		54C5CA8B2777863800893FD1 /* Debug */ = {
			isa = XCBuildConfiguration;
			buildSettings = {
				ALWAYS_SEARCH_USER_PATHS = NO;
				CLANG_ANALYZER_NONNULL = YES;
				CLANG_ANALYZER_NUMBER_OBJECT_CONVERSION = YES_AGGRESSIVE;
				CLANG_CXX_LANGUAGE_STANDARD = "gnu++14";
				CLANG_CXX_LIBRARY = "libc++";
				CLANG_ENABLE_MODULES = YES;
				CLANG_ENABLE_OBJC_ARC = YES;
				CLANG_ENABLE_OBJC_WEAK = YES;
				CLANG_WARN_BLOCK_CAPTURE_AUTORELEASING = YES;
				CLANG_WARN_BOOL_CONVERSION = YES;
				CLANG_WARN_COMMA = YES;
				CLANG_WARN_CONSTANT_CONVERSION = YES;
				CLANG_WARN_DEPRECATED_OBJC_IMPLEMENTATIONS = YES;
				CLANG_WARN_DIRECT_OBJC_ISA_USAGE = YES_ERROR;
				CLANG_WARN_DOCUMENTATION_COMMENTS = YES;
				CLANG_WARN_EMPTY_BODY = YES;
				CLANG_WARN_ENUM_CONVERSION = YES;
				CLANG_WARN_INFINITE_RECURSION = YES;
				CLANG_WARN_INT_CONVERSION = YES;
				CLANG_WARN_NON_LITERAL_NULL_CONVERSION = YES;
				CLANG_WARN_OBJC_IMPLICIT_RETAIN_SELF = YES;
				CLANG_WARN_OBJC_LITERAL_CONVERSION = YES;
				CLANG_WARN_OBJC_ROOT_CLASS = YES_ERROR;
				CLANG_WARN_QUOTED_INCLUDE_IN_FRAMEWORK_HEADER = YES;
				CLANG_WARN_RANGE_LOOP_ANALYSIS = YES;
				CLANG_WARN_STRICT_PROTOTYPES = YES;
				CLANG_WARN_SUSPICIOUS_MOVE = YES;
				CLANG_WARN_UNGUARDED_AVAILABILITY = YES_AGGRESSIVE;
				CLANG_WARN_UNREACHABLE_CODE = YES;
				CLANG_WARN__DUPLICATE_METHOD_MATCH = YES;
				COPY_PHASE_STRIP = NO;
				DEBUG_INFORMATION_FORMAT = dwarf;
				ENABLE_STRICT_OBJC_MSGSEND = YES;
				ENABLE_TESTABILITY = YES;
				GCC_C_LANGUAGE_STANDARD = gnu11;
				GCC_DYNAMIC_NO_PIC = NO;
				GCC_NO_COMMON_BLOCKS = YES;
				GCC_OPTIMIZATION_LEVEL = 0;
				GCC_PREPROCESSOR_DEFINITIONS = (
					"DEBUG=1",
					"$(inherited)",
				);
				GCC_WARN_64_TO_32_BIT_CONVERSION = YES;
				GCC_WARN_ABOUT_RETURN_TYPE = YES_ERROR;
				GCC_WARN_UNDECLARED_SELECTOR = YES;
				GCC_WARN_UNINITIALIZED_AUTOS = YES_AGGRESSIVE;
				GCC_WARN_UNUSED_FUNCTION = YES;
				GCC_WARN_UNUSED_VARIABLE = YES;
				IPHONEOS_DEPLOYMENT_TARGET = 14.1;
				MTL_ENABLE_DEBUG_INFO = INCLUDE_SOURCE;
				MTL_FAST_MATH = YES;
				ONLY_ACTIVE_ARCH = YES;
				SDKROOT = iphoneos;
				SWIFT_ACTIVE_COMPILATION_CONDITIONS = DEBUG;
				SWIFT_OPTIMIZATION_LEVEL = "-Onone";
			};
			name = Debug;
		};
		54C5CA8C2777863800893FD1 /* Release */ = {
			isa = XCBuildConfiguration;
			buildSettings = {
				ALWAYS_SEARCH_USER_PATHS = NO;
				CLANG_ANALYZER_NONNULL = YES;
				CLANG_ANALYZER_NUMBER_OBJECT_CONVERSION = YES_AGGRESSIVE;
				CLANG_CXX_LANGUAGE_STANDARD = "gnu++14";
				CLANG_CXX_LIBRARY = "libc++";
				CLANG_ENABLE_MODULES = YES;
				CLANG_ENABLE_OBJC_ARC = YES;
				CLANG_ENABLE_OBJC_WEAK = YES;
				CLANG_WARN_BLOCK_CAPTURE_AUTORELEASING = YES;
				CLANG_WARN_BOOL_CONVERSION = YES;
				CLANG_WARN_COMMA = YES;
				CLANG_WARN_CONSTANT_CONVERSION = YES;
				CLANG_WARN_DEPRECATED_OBJC_IMPLEMENTATIONS = YES;
				CLANG_WARN_DIRECT_OBJC_ISA_USAGE = YES_ERROR;
				CLANG_WARN_DOCUMENTATION_COMMENTS = YES;
				CLANG_WARN_EMPTY_BODY = YES;
				CLANG_WARN_ENUM_CONVERSION = YES;
				CLANG_WARN_INFINITE_RECURSION = YES;
				CLANG_WARN_INT_CONVERSION = YES;
				CLANG_WARN_NON_LITERAL_NULL_CONVERSION = YES;
				CLANG_WARN_OBJC_IMPLICIT_RETAIN_SELF = YES;
				CLANG_WARN_OBJC_LITERAL_CONVERSION = YES;
				CLANG_WARN_OBJC_ROOT_CLASS = YES_ERROR;
				CLANG_WARN_QUOTED_INCLUDE_IN_FRAMEWORK_HEADER = YES;
				CLANG_WARN_RANGE_LOOP_ANALYSIS = YES;
				CLANG_WARN_STRICT_PROTOTYPES = YES;
				CLANG_WARN_SUSPICIOUS_MOVE = YES;
				CLANG_WARN_UNGUARDED_AVAILABILITY = YES_AGGRESSIVE;
				CLANG_WARN_UNREACHABLE_CODE = YES;
				CLANG_WARN__DUPLICATE_METHOD_MATCH = YES;
				COPY_PHASE_STRIP = NO;
				DEBUG_INFORMATION_FORMAT = "dwarf-with-dsym";
				ENABLE_NS_ASSERTIONS = NO;
				ENABLE_STRICT_OBJC_MSGSEND = YES;
				GCC_C_LANGUAGE_STANDARD = gnu11;
				GCC_NO_COMMON_BLOCKS = YES;
				GCC_WARN_64_TO_32_BIT_CONVERSION = YES;
				GCC_WARN_ABOUT_RETURN_TYPE = YES_ERROR;
				GCC_WARN_UNDECLARED_SELECTOR = YES;
				GCC_WARN_UNINITIALIZED_AUTOS = YES_AGGRESSIVE;
				GCC_WARN_UNUSED_FUNCTION = YES;
				GCC_WARN_UNUSED_VARIABLE = YES;
				IPHONEOS_DEPLOYMENT_TARGET = 14.1;
				MTL_ENABLE_DEBUG_INFO = NO;
				MTL_FAST_MATH = YES;
				SDKROOT = iphoneos;
				SWIFT_COMPILATION_MODE = wholemodule;
				SWIFT_OPTIMIZATION_LEVEL = "-O";
				VALIDATE_PRODUCT = YES;
			};
			name = Release;
		};
		54C5CA8E2777863800893FD1 /* Debug */ = {
			isa = XCBuildConfiguration;
			buildSettings = {
				ASSETCATALOG_COMPILER_APPICON_NAME = AppIcon;
				ASSETCATALOG_COMPILER_GLOBAL_ACCENT_COLOR_NAME = AccentColor;
				CODE_SIGN_STYLE = Automatic;
				DEVELOPMENT_ASSET_PATHS = "\"SLAMCamera/Preview Content\"";
				DEVELOPMENT_TEAM = CX5837YGS6;
				ENABLE_PREVIEWS = YES;
				INFOPLIST_FILE = SLAMCamera/Info.plist;
				IPHONEOS_DEPLOYMENT_TARGET = 14.0;
				LD_RUNPATH_SEARCH_PATHS = (
					"$(inherited)",
					"@executable_path/Frameworks",
				);
				PRODUCT_BUNDLE_IDENTIFIER = io.github.ognis1205.SLAMCamera;
				PRODUCT_NAME = "$(TARGET_NAME)";
				SWIFT_VERSION = 5.0;
				TARGETED_DEVICE_FAMILY = "1,2";
			};
			name = Debug;
		};
		54C5CA8F2777863800893FD1 /* Release */ = {
			isa = XCBuildConfiguration;
			buildSettings = {
				ASSETCATALOG_COMPILER_APPICON_NAME = AppIcon;
				ASSETCATALOG_COMPILER_GLOBAL_ACCENT_COLOR_NAME = AccentColor;
				CODE_SIGN_STYLE = Automatic;
				DEVELOPMENT_ASSET_PATHS = "\"SLAMCamera/Preview Content\"";
				DEVELOPMENT_TEAM = CX5837YGS6;
				ENABLE_PREVIEWS = YES;
				INFOPLIST_FILE = SLAMCamera/Info.plist;
				IPHONEOS_DEPLOYMENT_TARGET = 14.0;
				LD_RUNPATH_SEARCH_PATHS = (
					"$(inherited)",
					"@executable_path/Frameworks",
				);
				PRODUCT_BUNDLE_IDENTIFIER = io.github.ognis1205.SLAMCamera;
				PRODUCT_NAME = "$(TARGET_NAME)";
				SWIFT_VERSION = 5.0;
				TARGETED_DEVICE_FAMILY = "1,2";
			};
			name = Release;
		};
		54C5CA912777863800893FD1 /* Debug */ = {
			isa = XCBuildConfiguration;
			buildSettings = {
				ALWAYS_EMBED_SWIFT_STANDARD_LIBRARIES = YES;
				BUNDLE_LOADER = "$(TEST_HOST)";
				CODE_SIGN_STYLE = Automatic;
				DEVELOPMENT_TEAM = CX5837YGS6;
				INFOPLIST_FILE = SLAMCameraTests/Info.plist;
				IPHONEOS_DEPLOYMENT_TARGET = 14.0;
				LD_RUNPATH_SEARCH_PATHS = (
					"$(inherited)",
					"@executable_path/Frameworks",
					"@loader_path/Frameworks",
				);
				PRODUCT_BUNDLE_IDENTIFIER = io.github.ognis1205.SLAMCameraTests;
				PRODUCT_NAME = "$(TARGET_NAME)";
				SWIFT_VERSION = 5.0;
				TARGETED_DEVICE_FAMILY = "1,2";
				TEST_HOST = "$(BUILT_PRODUCTS_DIR)/SLAMCamera.app/SLAMCamera";
			};
			name = Debug;
		};
		54C5CA922777863800893FD1 /* Release */ = {
			isa = XCBuildConfiguration;
			buildSettings = {
				ALWAYS_EMBED_SWIFT_STANDARD_LIBRARIES = YES;
				BUNDLE_LOADER = "$(TEST_HOST)";
				CODE_SIGN_STYLE = Automatic;
				DEVELOPMENT_TEAM = CX5837YGS6;
				INFOPLIST_FILE = SLAMCameraTests/Info.plist;
				IPHONEOS_DEPLOYMENT_TARGET = 14.0;
				LD_RUNPATH_SEARCH_PATHS = (
					"$(inherited)",
					"@executable_path/Frameworks",
					"@loader_path/Frameworks",
				);
				PRODUCT_BUNDLE_IDENTIFIER = io.github.ognis1205.SLAMCameraTests;
				PRODUCT_NAME = "$(TARGET_NAME)";
				SWIFT_VERSION = 5.0;
				TARGETED_DEVICE_FAMILY = "1,2";
				TEST_HOST = "$(BUILT_PRODUCTS_DIR)/SLAMCamera.app/SLAMCamera";
			};
			name = Release;
		};
		54C5CA942777863800893FD1 /* Debug */ = {
			isa = XCBuildConfiguration;
			buildSettings = {
				ALWAYS_EMBED_SWIFT_STANDARD_LIBRARIES = YES;
				CODE_SIGN_STYLE = Automatic;
				DEVELOPMENT_TEAM = CX5837YGS6;
				INFOPLIST_FILE = SLAMCameraUITests/Info.plist;
				LD_RUNPATH_SEARCH_PATHS = (
					"$(inherited)",
					"@executable_path/Frameworks",
					"@loader_path/Frameworks",
				);
				PRODUCT_BUNDLE_IDENTIFIER = io.github.ognis1205.SLAMCameraUITests;
				PRODUCT_NAME = "$(TARGET_NAME)";
				SWIFT_VERSION = 5.0;
				TARGETED_DEVICE_FAMILY = "1,2";
				TEST_TARGET_NAME = SLAMCamera;
			};
			name = Debug;
		};
		54C5CA952777863800893FD1 /* Release */ = {
			isa = XCBuildConfiguration;
			buildSettings = {
				ALWAYS_EMBED_SWIFT_STANDARD_LIBRARIES = YES;
				CODE_SIGN_STYLE = Automatic;
				DEVELOPMENT_TEAM = CX5837YGS6;
				INFOPLIST_FILE = SLAMCameraUITests/Info.plist;
				LD_RUNPATH_SEARCH_PATHS = (
					"$(inherited)",
					"@executable_path/Frameworks",
					"@loader_path/Frameworks",
				);
				PRODUCT_BUNDLE_IDENTIFIER = io.github.ognis1205.SLAMCameraUITests;
				PRODUCT_NAME = "$(TARGET_NAME)";
				SWIFT_VERSION = 5.0;
				TARGETED_DEVICE_FAMILY = "1,2";
				TEST_TARGET_NAME = SLAMCamera;
			};
			name = Release;
		};
/* End XCBuildConfiguration section */

/* Begin XCConfigurationList section */
		54C5CA632777863300893FD1 /* Build configuration list for PBXProject "SLAMCamera" */ = {
			isa = XCConfigurationList;
			buildConfigurations = (
				54C5CA8B2777863800893FD1 /* Debug */,
				54C5CA8C2777863800893FD1 /* Release */,
			);
			defaultConfigurationIsVisible = 0;
			defaultConfigurationName = Release;
		};
		54C5CA8D2777863800893FD1 /* Build configuration list for PBXNativeTarget "SLAMCamera" */ = {
			isa = XCConfigurationList;
			buildConfigurations = (
				54C5CA8E2777863800893FD1 /* Debug */,
				54C5CA8F2777863800893FD1 /* Release */,
			);
			defaultConfigurationIsVisible = 0;
			defaultConfigurationName = Release;
		};
		54C5CA902777863800893FD1 /* Build configuration list for PBXNativeTarget "SLAMCameraTests" */ = {
			isa = XCConfigurationList;
			buildConfigurations = (
				54C5CA912777863800893FD1 /* Debug */,
				54C5CA922777863800893FD1 /* Release */,
			);
			defaultConfigurationIsVisible = 0;
			defaultConfigurationName = Release;
		};
		54C5CA932777863800893FD1 /* Build configuration list for PBXNativeTarget "SLAMCameraUITests" */ = {
			isa = XCConfigurationList;
			buildConfigurations = (
				54C5CA942777863800893FD1 /* Debug */,
				54C5CA952777863800893FD1 /* Release */,
			);
			defaultConfigurationIsVisible = 0;
			defaultConfigurationName = Release;
		};
/* End XCConfigurationList section */
	};
	rootObject = 54C5CA602777863300893FD1 /* Project object */;
}
