// !$*UTF8*$!
{
	archiveVersion = 1;
	classes = {
	};
	objectVersion = 55;
	objects = {

/* Begin PBXBuildFile section */
		2C4823D6E8907508916AE7AD /* Pods_iOSCamera.framework in Frameworks */ = {isa = PBXBuildFile; fileRef = E49116D3EC0803640AB47C35 /* Pods_iOSCamera.framework */; };
		541BA07727C0742800E995CA /* StartView.swift in Sources */ = {isa = PBXBuildFile; fileRef = 541BA07627C0742800E995CA /* StartView.swift */; };
		541BA07C27C2D20A00E995CA /* CVPixelBuffer.swift in Sources */ = {isa = PBXBuildFile; fileRef = 541BA07B27C2D20A00E995CA /* CVPixelBuffer.swift */; };
		541BA08627C4E25700E995CA /* UIImage.swift in Sources */ = {isa = PBXBuildFile; fileRef = 541BA08527C4E25600E995CA /* UIImage.swift */; };
		541BA09627C51F8B00E995CA /* Pydnet.mlmodel in Sources */ = {isa = PBXBuildFile; fileRef = 541BA09527C51F8B00E995CA /* Pydnet.mlmodel */; };
		541BA09827C544FA00E995CA /* PydnetConstants.swift in Sources */ = {isa = PBXBuildFile; fileRef = 541BA09727C544FA00E995CA /* PydnetConstants.swift */; };
		541BA0A227C5C99700E995CA /* UIApplication.swift in Sources */ = {isa = PBXBuildFile; fileRef = 541BA0A127C5C99700E995CA /* UIApplication.swift */; };
		541BD19C27C5E99B00B8C69C /* WebRTCMenuHeaderView.swift in Sources */ = {isa = PBXBuildFile; fileRef = 541BD19B27C5E99B00B8C69C /* WebRTCMenuHeaderView.swift */; };
		541BD19E27C5EA3B00B8C69C /* WebRTCMenuTitleView.swift in Sources */ = {isa = PBXBuildFile; fileRef = 541BD19D27C5EA3B00B8C69C /* WebRTCMenuTitleView.swift */; };
		541BD1A027C5EBAF00B8C69C /* WebRTCMenuItemView.swift in Sources */ = {isa = PBXBuildFile; fileRef = 541BD19F27C5EBAF00B8C69C /* WebRTCMenuItemView.swift */; };
		541BD1A227C5EC6100B8C69C /* WebRTCInfoView.swift in Sources */ = {isa = PBXBuildFile; fileRef = 541BD1A127C5EC6100B8C69C /* WebRTCInfoView.swift */; };
		541BD1A427C5FAC300B8C69C /* WebRTCSettingsView.swift in Sources */ = {isa = PBXBuildFile; fileRef = 541BD1A327C5FAC300B8C69C /* WebRTCSettingsView.swift */; };
		541BD1A627C5FF1500B8C69C /* WebRTCTopNavigationView.swift in Sources */ = {isa = PBXBuildFile; fileRef = 541BD1A527C5FF1500B8C69C /* WebRTCTopNavigationView.swift */; };
		545699AC27C64CE40076B192 /* PydnetPredicting.swift in Sources */ = {isa = PBXBuildFile; fileRef = 545699AB27C64CE40076B192 /* PydnetPredicting.swift */; };
		54677E39279D8C4700419FBB /* IP.m in Sources */ = {isa = PBXBuildFile; fileRef = 54677E38279D8C4700419FBB /* IP.m */; };
		54677E3C279DB60900419FBB /* IPTests.swift in Sources */ = {isa = PBXBuildFile; fileRef = 54677E3B279DB60900419FBB /* IPTests.swift */; };
		54677E40279DCDEC00419FBB /* RGB.m in Sources */ = {isa = PBXBuildFile; fileRef = 54677E3F279DCDEC00419FBB /* RGB.m */; };
		54677E44279DD1CE00419FBB /* HLSStream.swift in Sources */ = {isa = PBXBuildFile; fileRef = 54677E43279DD1CE00419FBB /* HLSStream.swift */; };
		54677E49279E777400419FBB /* AlertReporting.swift in Sources */ = {isa = PBXBuildFile; fileRef = 54677E48279E777400419FBB /* AlertReporting.swift */; };
		54677E4C279E77BC00419FBB /* AlertModel.swift in Sources */ = {isa = PBXBuildFile; fileRef = 54677E4B279E77BC00419FBB /* AlertModel.swift */; };
		54677E51279E869800419FBB /* HLSModel.swift in Sources */ = {isa = PBXBuildFile; fileRef = 54677E50279E869800419FBB /* HLSModel.swift */; };
		54677E54279ED58700419FBB /* HLSModel+AVCaptureVideoDataOutputSampleBufferDelegate.swift in Sources */ = {isa = PBXBuildFile; fileRef = 54677E53279ED58700419FBB /* HLSModel+AVCaptureVideoDataOutputSampleBufferDelegate.swift */; };
		54677E56279EEA8200419FBB /* HLSConstants.swift in Sources */ = {isa = PBXBuildFile; fileRef = 54677E55279EEA8200419FBB /* HLSConstants.swift */; };
		54677E58279F407500419FBB /* HLSModel+GCDAsyncSocketDelegate.swift in Sources */ = {isa = PBXBuildFile; fileRef = 54677E57279F407500419FBB /* HLSModel+GCDAsyncSocketDelegate.swift */; };
		54677E5B279FAE2700419FBB /* HLSVideoView.swift in Sources */ = {isa = PBXBuildFile; fileRef = 54677E5A279FAE2700419FBB /* HLSVideoView.swift */; };
		54677E5E279FE43500419FBB /* WebSocket.swift in Sources */ = {isa = PBXBuildFile; fileRef = 54677E5D279FE43500419FBB /* WebSocket.swift */; };
		54677E60279FE53500419FBB /* WebSocket+URLSessionWebSocketDelegate+URLSessionDelegate.swift in Sources */ = {isa = PBXBuildFile; fileRef = 54677E5F279FE53500419FBB /* WebSocket+URLSessionWebSocketDelegate+URLSessionDelegate.swift */; };
		54677E6327A015E500419FBB /* IceCandidate.swift in Sources */ = {isa = PBXBuildFile; fileRef = 54677E6227A015E500419FBB /* IceCandidate.swift */; };
		54677E6527A018EE00419FBB /* RTCStates.swift in Sources */ = {isa = PBXBuildFile; fileRef = 54677E6427A018EE00419FBB /* RTCStates.swift */; };
		54677E6727A02E6B00419FBB /* SessionDescription.swift in Sources */ = {isa = PBXBuildFile; fileRef = 54677E6627A02E6B00419FBB /* SessionDescription.swift */; };
		54677E6927A02ED000419FBB /* WebRTCSignal.swift in Sources */ = {isa = PBXBuildFile; fileRef = 54677E6827A02ED000419FBB /* WebRTCSignal.swift */; };
		54677E6B27A0319E00419FBB /* WebRTCSignal+WebSocketDelegate.swift in Sources */ = {isa = PBXBuildFile; fileRef = 54677E6A27A0319E00419FBB /* WebRTCSignal+WebSocketDelegate.swift */; };
		54677E6D27A036F500419FBB /* WebRTCClient.swift in Sources */ = {isa = PBXBuildFile; fileRef = 54677E6C27A036F500419FBB /* WebRTCClient.swift */; };
		54677E7027A0699E00419FBB /* WebRTCClient+RTCDataChannelDelegate.swift in Sources */ = {isa = PBXBuildFile; fileRef = 54677E6F27A0699E00419FBB /* WebRTCClient+RTCDataChannelDelegate.swift */; };
		54677E7227A0755500419FBB /* WebRTCClient+RTCPeerConnectionDelegate.swift in Sources */ = {isa = PBXBuildFile; fileRef = 54677E7127A0755500419FBB /* WebRTCClient+RTCPeerConnectionDelegate.swift */; };
		54677E7427A08BEB00419FBB /* WebRTCClient+RTCVideoCapturerDelegate.swift in Sources */ = {isa = PBXBuildFile; fileRef = 54677E7327A08BEB00419FBB /* WebRTCClient+RTCVideoCapturerDelegate.swift */; };
		54677E7627A1CDC700419FBB /* WebRTCModel.swift in Sources */ = {isa = PBXBuildFile; fileRef = 54677E7527A1CDC600419FBB /* WebRTCModel.swift */; };
		54677E7A27A3264300419FBB /* WebRTCConstants.swift in Sources */ = {isa = PBXBuildFile; fileRef = 54677E7927A3264300419FBB /* WebRTCConstants.swift */; };
		54677E7F27A673BB00419FBB /* WiFiToggleStyle.swift in Sources */ = {isa = PBXBuildFile; fileRef = 54677E7E27A673BA00419FBB /* WiFiToggleStyle.swift */; };
		54677E8227A85DAC00419FBB /* HLSViewModel.swift in Sources */ = {isa = PBXBuildFile; fileRef = 54677E8127A85DAC00419FBB /* HLSViewModel.swift */; };
		54677E8427A891FC00419FBB /* HLSViewModel+HLSModelDelegate.swift in Sources */ = {isa = PBXBuildFile; fileRef = 54677E8327A891FC00419FBB /* HLSViewModel+HLSModelDelegate.swift */; };
		54677E8827A9200200419FBB /* WebRTCEAGLVideoView.swift in Sources */ = {isa = PBXBuildFile; fileRef = 54677E8727A9200200419FBB /* WebRTCEAGLVideoView.swift */; };
		54677E8C27ABB68300419FBB /* VideoConfiguring.swift in Sources */ = {isa = PBXBuildFile; fileRef = 54677E8B27ABB68300419FBB /* VideoConfiguring.swift */; };
		54677E8E27AC526F00419FBB /* HLSModel+VideoConfiguringDelegate.swift in Sources */ = {isa = PBXBuildFile; fileRef = 54677E8D27AC526F00419FBB /* HLSModel+VideoConfiguringDelegate.swift */; };
		54677E9027AE692300419FBB /* WebRTCModel+VideoConfiguringDelegate.swift in Sources */ = {isa = PBXBuildFile; fileRef = 54677E8F27AE692300419FBB /* WebRTCModel+VideoConfiguringDelegate.swift */; };
		54677E9227AF000300419FBB /* WebRTCModel+WebRTCSignalDelegate.swift in Sources */ = {isa = PBXBuildFile; fileRef = 54677E9127AF000300419FBB /* WebRTCModel+WebRTCSignalDelegate.swift */; };
		54677E9627AF018800419FBB /* WebRTCModel+WebRTCClientDelegate.swift in Sources */ = {isa = PBXBuildFile; fileRef = 54677E9527AF018800419FBB /* WebRTCModel+WebRTCClientDelegate.swift */; };
		54677E9827AFA53B00419FBB /* WebRTCViewModel.swift in Sources */ = {isa = PBXBuildFile; fileRef = 54677E9727AFA53B00419FBB /* WebRTCViewModel.swift */; };
		54677E9A27B02CD900419FBB /* WebRTCViewModel+WebRTCModelDelegate.swift in Sources */ = {isa = PBXBuildFile; fileRef = 54677E9927B02CD900419FBB /* WebRTCViewModel+WebRTCModelDelegate.swift */; };
		54677E9C27B12A1500419FBB /* WebRTCView.swift in Sources */ = {isa = PBXBuildFile; fileRef = 54677E9B27B12A1500419FBB /* WebRTCView.swift */; };
		54677E9E27B1A09000419FBB /* WebRTCMTLVideoView.swift in Sources */ = {isa = PBXBuildFile; fileRef = 54677E9D27B1A09000419FBB /* WebRTCMTLVideoView.swift */; };
		54677EA027B4FEB200419FBB /* Debuggable.swift in Sources */ = {isa = PBXBuildFile; fileRef = 54677E9F27B4FEB100419FBB /* Debuggable.swift */; };
		54695CFD27B7377700CF78F2 /* UIInterfaceOrientation.swift in Sources */ = {isa = PBXBuildFile; fileRef = 54695CFC27B7377700CF78F2 /* UIInterfaceOrientation.swift */; };
		54695CFF27B79B4400CF78F2 /* WebRTCVideoView.swift in Sources */ = {isa = PBXBuildFile; fileRef = 54695CFE27B79B4400CF78F2 /* WebRTCVideoView.swift */; };
		54695D0327BA0F7100CF78F2 /* Color.swift in Sources */ = {isa = PBXBuildFile; fileRef = 54695D0227BA0F7100CF78F2 /* Color.swift */; };
		54695D0927BB9E8000CF78F2 /* WebRTCConnectToggleView.swift in Sources */ = {isa = PBXBuildFile; fileRef = 54695D0827BB9E7F00CF78F2 /* WebRTCConnectToggleView.swift */; };
		54695D0B27BBC07C00CF78F2 /* WebRTCURLTextFieldView.swift in Sources */ = {isa = PBXBuildFile; fileRef = 54695D0A27BBC07C00CF78F2 /* WebRTCURLTextFieldView.swift */; };
		54695D0D27BBE19200CF78F2 /* String.swift in Sources */ = {isa = PBXBuildFile; fileRef = 54695D0C27BBE19200CF78F2 /* String.swift */; };
		54695D0F27BBF94300CF78F2 /* WebRTCBottomNavigationView.swift in Sources */ = {isa = PBXBuildFile; fileRef = 54695D0E27BBF94300CF78F2 /* WebRTCBottomNavigationView.swift */; };
		54F9A829279CFE9900E994A1 /* iOSCameraApp.swift in Sources */ = {isa = PBXBuildFile; fileRef = 54F9A828279CFE9900E994A1 /* iOSCameraApp.swift */; };
		54F9A82B279CFE9900E994A1 /* HLSView.swift in Sources */ = {isa = PBXBuildFile; fileRef = 54F9A82A279CFE9900E994A1 /* HLSView.swift */; };
		54F9A82D279CFE9C00E994A1 /* Assets.xcassets in Resources */ = {isa = PBXBuildFile; fileRef = 54F9A82C279CFE9C00E994A1 /* Assets.xcassets */; };
		54F9A830279CFE9C00E994A1 /* Preview Assets.xcassets in Resources */ = {isa = PBXBuildFile; fileRef = 54F9A82F279CFE9C00E994A1 /* Preview Assets.xcassets */; };
		54F9A83A279CFE9C00E994A1 /* iOSCameraTests.swift in Sources */ = {isa = PBXBuildFile; fileRef = 54F9A839279CFE9C00E994A1 /* iOSCameraTests.swift */; };
		54F9A844279CFE9C00E994A1 /* iOSCameraUITests.swift in Sources */ = {isa = PBXBuildFile; fileRef = 54F9A843279CFE9C00E994A1 /* iOSCameraUITests.swift */; };
		54F9A846279CFE9C00E994A1 /* iOSCameraUITestsLaunchTests.swift in Sources */ = {isa = PBXBuildFile; fileRef = 54F9A845279CFE9C00E994A1 /* iOSCameraUITestsLaunchTests.swift */; };
		6DB531E09E15206A96317062 /* Pods_iOSCameraTests.framework in Frameworks */ = {isa = PBXBuildFile; fileRef = CDCBEAADD4D8147690F1B5FF /* Pods_iOSCameraTests.framework */; };
		C81FAC30459E55407511253D /* Pods_iOSCamera_iOSCameraUITests.framework in Frameworks */ = {isa = PBXBuildFile; fileRef = D2B42FFB3E0E2F268A423A36 /* Pods_iOSCamera_iOSCameraUITests.framework */; };
/* End PBXBuildFile section */

/* Begin PBXContainerItemProxy section */
		54F9A836279CFE9C00E994A1 /* PBXContainerItemProxy */ = {
			isa = PBXContainerItemProxy;
			containerPortal = 54F9A81D279CFE9900E994A1 /* Project object */;
			proxyType = 1;
			remoteGlobalIDString = 54F9A824279CFE9900E994A1;
			remoteInfo = iOSCamera;
		};
		54F9A840279CFE9C00E994A1 /* PBXContainerItemProxy */ = {
			isa = PBXContainerItemProxy;
			containerPortal = 54F9A81D279CFE9900E994A1 /* Project object */;
			proxyType = 1;
			remoteGlobalIDString = 54F9A824279CFE9900E994A1;
			remoteInfo = iOSCamera;
		};
/* End PBXContainerItemProxy section */

/* Begin PBXFileReference section */
		03798A83EB2C456012957177 /* Pods-iOSCamera.release.xcconfig */ = {isa = PBXFileReference; includeInIndex = 1; lastKnownFileType = text.xcconfig; name = "Pods-iOSCamera.release.xcconfig"; path = "Target Support Files/Pods-iOSCamera/Pods-iOSCamera.release.xcconfig"; sourceTree = "<group>"; };
		541BA07627C0742800E995CA /* StartView.swift */ = {isa = PBXFileReference; lastKnownFileType = sourcecode.swift; path = StartView.swift; sourceTree = "<group>"; };
		541BA07B27C2D20A00E995CA /* CVPixelBuffer.swift */ = {isa = PBXFileReference; lastKnownFileType = sourcecode.swift; path = CVPixelBuffer.swift; sourceTree = "<group>"; };
		541BA08527C4E25600E995CA /* UIImage.swift */ = {isa = PBXFileReference; lastKnownFileType = sourcecode.swift; path = UIImage.swift; sourceTree = "<group>"; };
		541BA09527C51F8B00E995CA /* Pydnet.mlmodel */ = {isa = PBXFileReference; lastKnownFileType = file.mlmodel; path = Pydnet.mlmodel; sourceTree = "<group>"; };
		541BA09727C544FA00E995CA /* PydnetConstants.swift */ = {isa = PBXFileReference; lastKnownFileType = sourcecode.swift; path = PydnetConstants.swift; sourceTree = "<group>"; };
		541BA0A127C5C99700E995CA /* UIApplication.swift */ = {isa = PBXFileReference; lastKnownFileType = sourcecode.swift; path = UIApplication.swift; sourceTree = "<group>"; };
		541BD19B27C5E99B00B8C69C /* WebRTCMenuHeaderView.swift */ = {isa = PBXFileReference; lastKnownFileType = sourcecode.swift; path = WebRTCMenuHeaderView.swift; sourceTree = "<group>"; };
		541BD19D27C5EA3B00B8C69C /* WebRTCMenuTitleView.swift */ = {isa = PBXFileReference; lastKnownFileType = sourcecode.swift; path = WebRTCMenuTitleView.swift; sourceTree = "<group>"; };
		541BD19F27C5EBAF00B8C69C /* WebRTCMenuItemView.swift */ = {isa = PBXFileReference; lastKnownFileType = sourcecode.swift; path = WebRTCMenuItemView.swift; sourceTree = "<group>"; };
		541BD1A127C5EC6100B8C69C /* WebRTCInfoView.swift */ = {isa = PBXFileReference; lastKnownFileType = sourcecode.swift; path = WebRTCInfoView.swift; sourceTree = "<group>"; };
		541BD1A327C5FAC300B8C69C /* WebRTCSettingsView.swift */ = {isa = PBXFileReference; lastKnownFileType = sourcecode.swift; path = WebRTCSettingsView.swift; sourceTree = "<group>"; };
		541BD1A527C5FF1500B8C69C /* WebRTCTopNavigationView.swift */ = {isa = PBXFileReference; lastKnownFileType = sourcecode.swift; path = WebRTCTopNavigationView.swift; sourceTree = "<group>"; };
		545699AB27C64CE40076B192 /* PydnetPredicting.swift */ = {isa = PBXFileReference; lastKnownFileType = sourcecode.swift; path = PydnetPredicting.swift; sourceTree = "<group>"; };
		54677E37279D8BEF00419FBB /* IP.h */ = {isa = PBXFileReference; lastKnownFileType = sourcecode.c.h; path = IP.h; sourceTree = "<group>"; };
		54677E38279D8C4700419FBB /* IP.m */ = {isa = PBXFileReference; lastKnownFileType = sourcecode.c.objc; path = IP.m; sourceTree = "<group>"; };
		54677E3B279DB60900419FBB /* IPTests.swift */ = {isa = PBXFileReference; lastKnownFileType = sourcecode.swift; path = IPTests.swift; sourceTree = "<group>"; };
		54677E3D279DB65600419FBB /* iOSCamera-Bridging-Header.h */ = {isa = PBXFileReference; lastKnownFileType = sourcecode.c.h; path = "iOSCamera-Bridging-Header.h"; sourceTree = "<group>"; };
		54677E3E279DC48500419FBB /* RGB.h */ = {isa = PBXFileReference; lastKnownFileType = sourcecode.c.h; path = RGB.h; sourceTree = "<group>"; };
		54677E3F279DCDEC00419FBB /* RGB.m */ = {isa = PBXFileReference; lastKnownFileType = sourcecode.c.objc; path = RGB.m; sourceTree = "<group>"; };
		54677E43279DD1CE00419FBB /* HLSStream.swift */ = {isa = PBXFileReference; lastKnownFileType = sourcecode.swift; path = HLSStream.swift; sourceTree = "<group>"; };
		54677E48279E777400419FBB /* AlertReporting.swift */ = {isa = PBXFileReference; lastKnownFileType = sourcecode.swift; path = AlertReporting.swift; sourceTree = "<group>"; };
		54677E4B279E77BC00419FBB /* AlertModel.swift */ = {isa = PBXFileReference; lastKnownFileType = sourcecode.swift; path = AlertModel.swift; sourceTree = "<group>"; };
		54677E50279E869800419FBB /* HLSModel.swift */ = {isa = PBXFileReference; lastKnownFileType = sourcecode.swift; path = HLSModel.swift; sourceTree = "<group>"; };
		54677E53279ED58700419FBB /* HLSModel+AVCaptureVideoDataOutputSampleBufferDelegate.swift */ = {isa = PBXFileReference; lastKnownFileType = sourcecode.swift; path = "HLSModel+AVCaptureVideoDataOutputSampleBufferDelegate.swift"; sourceTree = "<group>"; };
		54677E55279EEA8200419FBB /* HLSConstants.swift */ = {isa = PBXFileReference; lastKnownFileType = sourcecode.swift; path = HLSConstants.swift; sourceTree = "<group>"; };
		54677E57279F407500419FBB /* HLSModel+GCDAsyncSocketDelegate.swift */ = {isa = PBXFileReference; lastKnownFileType = sourcecode.swift; path = "HLSModel+GCDAsyncSocketDelegate.swift"; sourceTree = "<group>"; };
		54677E5A279FAE2700419FBB /* HLSVideoView.swift */ = {isa = PBXFileReference; lastKnownFileType = sourcecode.swift; path = HLSVideoView.swift; sourceTree = "<group>"; };
		54677E5D279FE43500419FBB /* WebSocket.swift */ = {isa = PBXFileReference; lastKnownFileType = sourcecode.swift; path = WebSocket.swift; sourceTree = "<group>"; };
		54677E5F279FE53500419FBB /* WebSocket+URLSessionWebSocketDelegate+URLSessionDelegate.swift */ = {isa = PBXFileReference; lastKnownFileType = sourcecode.swift; path = "WebSocket+URLSessionWebSocketDelegate+URLSessionDelegate.swift"; sourceTree = "<group>"; };
		54677E6227A015E500419FBB /* IceCandidate.swift */ = {isa = PBXFileReference; lastKnownFileType = sourcecode.swift; path = IceCandidate.swift; sourceTree = "<group>"; };
		54677E6427A018EE00419FBB /* RTCStates.swift */ = {isa = PBXFileReference; lastKnownFileType = sourcecode.swift; path = RTCStates.swift; sourceTree = "<group>"; };
		54677E6627A02E6B00419FBB /* SessionDescription.swift */ = {isa = PBXFileReference; lastKnownFileType = sourcecode.swift; path = SessionDescription.swift; sourceTree = "<group>"; };
		54677E6827A02ED000419FBB /* WebRTCSignal.swift */ = {isa = PBXFileReference; lastKnownFileType = sourcecode.swift; path = WebRTCSignal.swift; sourceTree = "<group>"; };
		54677E6A27A0319E00419FBB /* WebRTCSignal+WebSocketDelegate.swift */ = {isa = PBXFileReference; lastKnownFileType = sourcecode.swift; path = "WebRTCSignal+WebSocketDelegate.swift"; sourceTree = "<group>"; };
		54677E6C27A036F500419FBB /* WebRTCClient.swift */ = {isa = PBXFileReference; lastKnownFileType = sourcecode.swift; path = WebRTCClient.swift; sourceTree = "<group>"; };
		54677E6F27A0699E00419FBB /* WebRTCClient+RTCDataChannelDelegate.swift */ = {isa = PBXFileReference; lastKnownFileType = sourcecode.swift; path = "WebRTCClient+RTCDataChannelDelegate.swift"; sourceTree = "<group>"; };
		54677E7127A0755500419FBB /* WebRTCClient+RTCPeerConnectionDelegate.swift */ = {isa = PBXFileReference; lastKnownFileType = sourcecode.swift; path = "WebRTCClient+RTCPeerConnectionDelegate.swift"; sourceTree = "<group>"; };
		54677E7327A08BEB00419FBB /* WebRTCClient+RTCVideoCapturerDelegate.swift */ = {isa = PBXFileReference; lastKnownFileType = sourcecode.swift; path = "WebRTCClient+RTCVideoCapturerDelegate.swift"; sourceTree = "<group>"; };
		54677E7527A1CDC600419FBB /* WebRTCModel.swift */ = {isa = PBXFileReference; lastKnownFileType = sourcecode.swift; path = WebRTCModel.swift; sourceTree = "<group>"; };
		54677E7927A3264300419FBB /* WebRTCConstants.swift */ = {isa = PBXFileReference; lastKnownFileType = sourcecode.swift; path = WebRTCConstants.swift; sourceTree = "<group>"; };
		54677E7E27A673BA00419FBB /* WiFiToggleStyle.swift */ = {isa = PBXFileReference; lastKnownFileType = sourcecode.swift; path = WiFiToggleStyle.swift; sourceTree = "<group>"; };
		54677E8127A85DAC00419FBB /* HLSViewModel.swift */ = {isa = PBXFileReference; lastKnownFileType = sourcecode.swift; path = HLSViewModel.swift; sourceTree = "<group>"; };
		54677E8327A891FC00419FBB /* HLSViewModel+HLSModelDelegate.swift */ = {isa = PBXFileReference; lastKnownFileType = sourcecode.swift; path = "HLSViewModel+HLSModelDelegate.swift"; sourceTree = "<group>"; };
		54677E8727A9200200419FBB /* WebRTCEAGLVideoView.swift */ = {isa = PBXFileReference; lastKnownFileType = sourcecode.swift; path = WebRTCEAGLVideoView.swift; sourceTree = "<group>"; };
		54677E8B27ABB68300419FBB /* VideoConfiguring.swift */ = {isa = PBXFileReference; lastKnownFileType = sourcecode.swift; path = VideoConfiguring.swift; sourceTree = "<group>"; };
		54677E8D27AC526F00419FBB /* HLSModel+VideoConfiguringDelegate.swift */ = {isa = PBXFileReference; lastKnownFileType = sourcecode.swift; path = "HLSModel+VideoConfiguringDelegate.swift"; sourceTree = "<group>"; };
		54677E8F27AE692300419FBB /* WebRTCModel+VideoConfiguringDelegate.swift */ = {isa = PBXFileReference; lastKnownFileType = sourcecode.swift; path = "WebRTCModel+VideoConfiguringDelegate.swift"; sourceTree = "<group>"; };
		54677E9127AF000300419FBB /* WebRTCModel+WebRTCSignalDelegate.swift */ = {isa = PBXFileReference; lastKnownFileType = sourcecode.swift; path = "WebRTCModel+WebRTCSignalDelegate.swift"; sourceTree = "<group>"; };
		54677E9527AF018800419FBB /* WebRTCModel+WebRTCClientDelegate.swift */ = {isa = PBXFileReference; lastKnownFileType = sourcecode.swift; path = "WebRTCModel+WebRTCClientDelegate.swift"; sourceTree = "<group>"; };
		54677E9727AFA53B00419FBB /* WebRTCViewModel.swift */ = {isa = PBXFileReference; lastKnownFileType = sourcecode.swift; path = WebRTCViewModel.swift; sourceTree = "<group>"; };
		54677E9927B02CD900419FBB /* WebRTCViewModel+WebRTCModelDelegate.swift */ = {isa = PBXFileReference; lastKnownFileType = sourcecode.swift; path = "WebRTCViewModel+WebRTCModelDelegate.swift"; sourceTree = "<group>"; };
		54677E9B27B12A1500419FBB /* WebRTCView.swift */ = {isa = PBXFileReference; lastKnownFileType = sourcecode.swift; path = WebRTCView.swift; sourceTree = "<group>"; };
		54677E9D27B1A09000419FBB /* WebRTCMTLVideoView.swift */ = {isa = PBXFileReference; lastKnownFileType = sourcecode.swift; path = WebRTCMTLVideoView.swift; sourceTree = "<group>"; };
		54677E9F27B4FEB100419FBB /* Debuggable.swift */ = {isa = PBXFileReference; lastKnownFileType = sourcecode.swift; path = Debuggable.swift; sourceTree = "<group>"; };
		54695CFC27B7377700CF78F2 /* UIInterfaceOrientation.swift */ = {isa = PBXFileReference; lastKnownFileType = sourcecode.swift; path = UIInterfaceOrientation.swift; sourceTree = "<group>"; };
		54695CFE27B79B4400CF78F2 /* WebRTCVideoView.swift */ = {isa = PBXFileReference; lastKnownFileType = sourcecode.swift; path = WebRTCVideoView.swift; sourceTree = "<group>"; };
		54695D0227BA0F7100CF78F2 /* Color.swift */ = {isa = PBXFileReference; lastKnownFileType = sourcecode.swift; path = Color.swift; sourceTree = "<group>"; };
		54695D0827BB9E7F00CF78F2 /* WebRTCConnectToggleView.swift */ = {isa = PBXFileReference; lastKnownFileType = sourcecode.swift; path = WebRTCConnectToggleView.swift; sourceTree = "<group>"; };
		54695D0A27BBC07C00CF78F2 /* WebRTCURLTextFieldView.swift */ = {isa = PBXFileReference; lastKnownFileType = sourcecode.swift; path = WebRTCURLTextFieldView.swift; sourceTree = "<group>"; };
		54695D0C27BBE19200CF78F2 /* String.swift */ = {isa = PBXFileReference; lastKnownFileType = sourcecode.swift; path = String.swift; sourceTree = "<group>"; };
		54695D0E27BBF94300CF78F2 /* WebRTCBottomNavigationView.swift */ = {isa = PBXFileReference; lastKnownFileType = sourcecode.swift; path = WebRTCBottomNavigationView.swift; sourceTree = "<group>"; };
		54F9A825279CFE9900E994A1 /* iOSCamera.app */ = {isa = PBXFileReference; explicitFileType = wrapper.application; includeInIndex = 0; path = iOSCamera.app; sourceTree = BUILT_PRODUCTS_DIR; };
		54F9A828279CFE9900E994A1 /* iOSCameraApp.swift */ = {isa = PBXFileReference; lastKnownFileType = sourcecode.swift; path = iOSCameraApp.swift; sourceTree = "<group>"; };
		54F9A82A279CFE9900E994A1 /* HLSView.swift */ = {isa = PBXFileReference; lastKnownFileType = sourcecode.swift; path = HLSView.swift; sourceTree = "<group>"; };
		54F9A82C279CFE9C00E994A1 /* Assets.xcassets */ = {isa = PBXFileReference; lastKnownFileType = folder.assetcatalog; path = Assets.xcassets; sourceTree = "<group>"; };
		54F9A82F279CFE9C00E994A1 /* Preview Assets.xcassets */ = {isa = PBXFileReference; lastKnownFileType = folder.assetcatalog; path = "Preview Assets.xcassets"; sourceTree = "<group>"; };
		54F9A835279CFE9C00E994A1 /* iOSCameraTests.xctest */ = {isa = PBXFileReference; explicitFileType = wrapper.cfbundle; includeInIndex = 0; path = iOSCameraTests.xctest; sourceTree = BUILT_PRODUCTS_DIR; };
		54F9A839279CFE9C00E994A1 /* iOSCameraTests.swift */ = {isa = PBXFileReference; lastKnownFileType = sourcecode.swift; path = iOSCameraTests.swift; sourceTree = "<group>"; };
		54F9A83F279CFE9C00E994A1 /* iOSCameraUITests.xctest */ = {isa = PBXFileReference; explicitFileType = wrapper.cfbundle; includeInIndex = 0; path = iOSCameraUITests.xctest; sourceTree = BUILT_PRODUCTS_DIR; };
		54F9A843279CFE9C00E994A1 /* iOSCameraUITests.swift */ = {isa = PBXFileReference; lastKnownFileType = sourcecode.swift; path = iOSCameraUITests.swift; sourceTree = "<group>"; };
		54F9A845279CFE9C00E994A1 /* iOSCameraUITestsLaunchTests.swift */ = {isa = PBXFileReference; lastKnownFileType = sourcecode.swift; path = iOSCameraUITestsLaunchTests.swift; sourceTree = "<group>"; };
		7DF30F6C1C24963DF45D6104 /* Pods-iOSCameraTests.debug.xcconfig */ = {isa = PBXFileReference; includeInIndex = 1; lastKnownFileType = text.xcconfig; name = "Pods-iOSCameraTests.debug.xcconfig"; path = "Target Support Files/Pods-iOSCameraTests/Pods-iOSCameraTests.debug.xcconfig"; sourceTree = "<group>"; };
		9C667836B9FBAEEB4C1FC798 /* Pods-iOSCamera-iOSCameraUITests.release.xcconfig */ = {isa = PBXFileReference; includeInIndex = 1; lastKnownFileType = text.xcconfig; name = "Pods-iOSCamera-iOSCameraUITests.release.xcconfig"; path = "Target Support Files/Pods-iOSCamera-iOSCameraUITests/Pods-iOSCamera-iOSCameraUITests.release.xcconfig"; sourceTree = "<group>"; };
		9E90A28D6E762A20242E74B9 /* Pods-iOSCamera-iOSCameraUITests.debug.xcconfig */ = {isa = PBXFileReference; includeInIndex = 1; lastKnownFileType = text.xcconfig; name = "Pods-iOSCamera-iOSCameraUITests.debug.xcconfig"; path = "Target Support Files/Pods-iOSCamera-iOSCameraUITests/Pods-iOSCamera-iOSCameraUITests.debug.xcconfig"; sourceTree = "<group>"; };
		AB749A711E4812D045A032C5 /* Pods-iOSCameraTests.release.xcconfig */ = {isa = PBXFileReference; includeInIndex = 1; lastKnownFileType = text.xcconfig; name = "Pods-iOSCameraTests.release.xcconfig"; path = "Target Support Files/Pods-iOSCameraTests/Pods-iOSCameraTests.release.xcconfig"; sourceTree = "<group>"; };
		CDCBEAADD4D8147690F1B5FF /* Pods_iOSCameraTests.framework */ = {isa = PBXFileReference; explicitFileType = wrapper.framework; includeInIndex = 0; path = Pods_iOSCameraTests.framework; sourceTree = BUILT_PRODUCTS_DIR; };
		D2B42FFB3E0E2F268A423A36 /* Pods_iOSCamera_iOSCameraUITests.framework */ = {isa = PBXFileReference; explicitFileType = wrapper.framework; includeInIndex = 0; path = Pods_iOSCamera_iOSCameraUITests.framework; sourceTree = BUILT_PRODUCTS_DIR; };
		E49116D3EC0803640AB47C35 /* Pods_iOSCamera.framework */ = {isa = PBXFileReference; explicitFileType = wrapper.framework; includeInIndex = 0; path = Pods_iOSCamera.framework; sourceTree = BUILT_PRODUCTS_DIR; };
		E76FBAD1C034E20D3E312436 /* Pods-iOSCamera.debug.xcconfig */ = {isa = PBXFileReference; includeInIndex = 1; lastKnownFileType = text.xcconfig; name = "Pods-iOSCamera.debug.xcconfig"; path = "Target Support Files/Pods-iOSCamera/Pods-iOSCamera.debug.xcconfig"; sourceTree = "<group>"; };
/* End PBXFileReference section */

/* Begin PBXFrameworksBuildPhase section */
		54F9A822279CFE9900E994A1 /* Frameworks */ = {
			isa = PBXFrameworksBuildPhase;
			buildActionMask = 2147483647;
			files = (
				2C4823D6E8907508916AE7AD /* Pods_iOSCamera.framework in Frameworks */,
			);
			runOnlyForDeploymentPostprocessing = 0;
		};
		54F9A832279CFE9C00E994A1 /* Frameworks */ = {
			isa = PBXFrameworksBuildPhase;
			buildActionMask = 2147483647;
			files = (
				6DB531E09E15206A96317062 /* Pods_iOSCameraTests.framework in Frameworks */,
			);
			runOnlyForDeploymentPostprocessing = 0;
		};
		54F9A83C279CFE9C00E994A1 /* Frameworks */ = {
			isa = PBXFrameworksBuildPhase;
			buildActionMask = 2147483647;
			files = (
				C81FAC30459E55407511253D /* Pods_iOSCamera_iOSCameraUITests.framework in Frameworks */,
			);
			runOnlyForDeploymentPostprocessing = 0;
		};
/* End PBXFrameworksBuildPhase section */

/* Begin PBXGroup section */
		072D126D1BF01751A476E573 /* Frameworks */ = {
			isa = PBXGroup;
			children = (
				E49116D3EC0803640AB47C35 /* Pods_iOSCamera.framework */,
				D2B42FFB3E0E2F268A423A36 /* Pods_iOSCamera_iOSCameraUITests.framework */,
				CDCBEAADD4D8147690F1B5FF /* Pods_iOSCameraTests.framework */,
			);
			name = Frameworks;
			sourceTree = "<group>";
		};
		541BA07827C2B80600E995CA /* MLModels */ = {
			isa = PBXGroup;
			children = (
				541BA09527C51F8B00E995CA /* Pydnet.mlmodel */,
			);
			path = MLModels;
			sourceTree = "<group>";
		};
		541BA09F27C5A8E600E995CA /* Video */ = {
			isa = PBXGroup;
			children = (
				54677E9D27B1A09000419FBB /* WebRTCMTLVideoView.swift */,
				54677E8727A9200200419FBB /* WebRTCEAGLVideoView.swift */,
				54695CFE27B79B4400CF78F2 /* WebRTCVideoView.swift */,
			);
			path = Video;
			sourceTree = "<group>";
		};
		541BD19927C5E93800B8C69C /* Video */ = {
			isa = PBXGroup;
			children = (
				54677E5A279FAE2700419FBB /* HLSVideoView.swift */,
			);
			path = Video;
			sourceTree = "<group>";
		};
		541BD19A27C5E94E00B8C69C /* Menu */ = {
			isa = PBXGroup;
			children = (
				54695D0A27BBC07C00CF78F2 /* WebRTCURLTextFieldView.swift */,
				54695D0827BB9E7F00CF78F2 /* WebRTCConnectToggleView.swift */,
				541BD19B27C5E99B00B8C69C /* WebRTCMenuHeaderView.swift */,
				541BD19D27C5EA3B00B8C69C /* WebRTCMenuTitleView.swift */,
				541BD19F27C5EBAF00B8C69C /* WebRTCMenuItemView.swift */,
				541BD1A127C5EC6100B8C69C /* WebRTCInfoView.swift */,
				541BD1A327C5FAC300B8C69C /* WebRTCSettingsView.swift */,
			);
			path = Menu;
			sourceTree = "<group>";
		};
		54677E36279D8BCC00419FBB /* Utilities */ = {
			isa = PBXGroup;
			children = (
				54677E37279D8BEF00419FBB /* IP.h */,
				54677E38279D8C4700419FBB /* IP.m */,
				54677E3E279DC48500419FBB /* RGB.h */,
				54677E3F279DCDEC00419FBB /* RGB.m */,
				54677E9F27B4FEB100419FBB /* Debuggable.swift */,
				54695CFC27B7377700CF78F2 /* UIInterfaceOrientation.swift */,
				54695D0227BA0F7100CF78F2 /* Color.swift */,
				541BA07B27C2D20A00E995CA /* CVPixelBuffer.swift */,
				541BA08527C4E25600E995CA /* UIImage.swift */,
			);
			path = Utilities;
			sourceTree = "<group>";
		};
		54677E3A279D8CC500419FBB /* Utilities */ = {
			isa = PBXGroup;
			children = (
				54677E3B279DB60900419FBB /* IPTests.swift */,
			);
			path = Utilities;
			sourceTree = "<group>";
		};
		54677E41279DCF6700419FBB /* Networking */ = {
			isa = PBXGroup;
			children = (
				54677E6127A015C500419FBB /* Extensions */,
				54677E5C279FE3E600419FBB /* WebSocket */,
				54677E46279E6C7D00419FBB /* WebRTC */,
				54677E45279E69E400419FBB /* HLS */,
			);
			path = Networking;
			sourceTree = "<group>";
		};
		54677E45279E69E400419FBB /* HLS */ = {
			isa = PBXGroup;
			children = (
				54677E43279DD1CE00419FBB /* HLSStream.swift */,
			);
			path = HLS;
			sourceTree = "<group>";
		};
		54677E46279E6C7D00419FBB /* WebRTC */ = {
			isa = PBXGroup;
			children = (
				54677E6827A02ED000419FBB /* WebRTCSignal.swift */,
				54677E6A27A0319E00419FBB /* WebRTCSignal+WebSocketDelegate.swift */,
				54677E6C27A036F500419FBB /* WebRTCClient.swift */,
				54677E6F27A0699E00419FBB /* WebRTCClient+RTCDataChannelDelegate.swift */,
				54677E7127A0755500419FBB /* WebRTCClient+RTCPeerConnectionDelegate.swift */,
				54677E7327A08BEB00419FBB /* WebRTCClient+RTCVideoCapturerDelegate.swift */,
			);
			path = WebRTC;
			sourceTree = "<group>";
		};
		54677E47279E775C00419FBB /* Services */ = {
			isa = PBXGroup;
			children = (
				54677E48279E777400419FBB /* AlertReporting.swift */,
				54677E8B27ABB68300419FBB /* VideoConfiguring.swift */,
				545699AB27C64CE40076B192 /* PydnetPredicting.swift */,
			);
			path = Services;
			sourceTree = "<group>";
		};
		54677E4A279E778300419FBB /* Models */ = {
			isa = PBXGroup;
			children = (
				54677E6E27A0372B00419FBB /* WebRTC */,
				54677E4F279E863C00419FBB /* HLS */,
				54677E4B279E77BC00419FBB /* AlertModel.swift */,
			);
			path = Models;
			sourceTree = "<group>";
		};
		54677E4F279E863C00419FBB /* HLS */ = {
			isa = PBXGroup;
			children = (
				54677E50279E869800419FBB /* HLSModel.swift */,
				54677E53279ED58700419FBB /* HLSModel+AVCaptureVideoDataOutputSampleBufferDelegate.swift */,
				54677E57279F407500419FBB /* HLSModel+GCDAsyncSocketDelegate.swift */,
				54677E8D27AC526F00419FBB /* HLSModel+VideoConfiguringDelegate.swift */,
			);
			path = HLS;
			sourceTree = "<group>";
		};
		54677E52279EC61100419FBB /* Constants */ = {
			isa = PBXGroup;
			children = (
				54677E55279EEA8200419FBB /* HLSConstants.swift */,
				54677E7927A3264300419FBB /* WebRTCConstants.swift */,
				541BA09727C544FA00E995CA /* PydnetConstants.swift */,
			);
			path = Constants;
			sourceTree = "<group>";
		};
		54677E59279FAE0900419FBB /* Views */ = {
			isa = PBXGroup;
			children = (
				54677E8627A91FAF00419FBB /* WebRTC */,
				54677E8527A91F2400419FBB /* HLS */,
				54677E7D27A6739800419FBB /* Extensions */,
				541BA07627C0742800E995CA /* StartView.swift */,
			);
			path = Views;
			sourceTree = "<group>";
		};
		54677E5C279FE3E600419FBB /* WebSocket */ = {
			isa = PBXGroup;
			children = (
				54677E5D279FE43500419FBB /* WebSocket.swift */,
				54677E5F279FE53500419FBB /* WebSocket+URLSessionWebSocketDelegate+URLSessionDelegate.swift */,
			);
			path = WebSocket;
			sourceTree = "<group>";
		};
		54677E6127A015C500419FBB /* Extensions */ = {
			isa = PBXGroup;
			children = (
				54677E6227A015E500419FBB /* IceCandidate.swift */,
				54677E6427A018EE00419FBB /* RTCStates.swift */,
				54677E6627A02E6B00419FBB /* SessionDescription.swift */,
			);
			path = Extensions;
			sourceTree = "<group>";
		};
		54677E6E27A0372B00419FBB /* WebRTC */ = {
			isa = PBXGroup;
			children = (
				54677E7527A1CDC600419FBB /* WebRTCModel.swift */,
				54677E8F27AE692300419FBB /* WebRTCModel+VideoConfiguringDelegate.swift */,
				54677E9127AF000300419FBB /* WebRTCModel+WebRTCSignalDelegate.swift */,
				54677E9527AF018800419FBB /* WebRTCModel+WebRTCClientDelegate.swift */,
			);
			path = WebRTC;
			sourceTree = "<group>";
		};
		54677E7D27A6739800419FBB /* Extensions */ = {
			isa = PBXGroup;
			children = (
				54677E7E27A673BA00419FBB /* WiFiToggleStyle.swift */,
				54695D0C27BBE19200CF78F2 /* String.swift */,
				541BA0A127C5C99700E995CA /* UIApplication.swift */,
			);
			path = Extensions;
			sourceTree = "<group>";
		};
		54677E8027A8563500419FBB /* ViewModels */ = {
			isa = PBXGroup;
			children = (
				54677E9427AF015600419FBB /* WebRTC */,
				54677E9327AF014600419FBB /* HLS */,
			);
			path = ViewModels;
			sourceTree = "<group>";
		};
		54677E8527A91F2400419FBB /* HLS */ = {
			isa = PBXGroup;
			children = (
				541BD19927C5E93800B8C69C /* Video */,
				54F9A82A279CFE9900E994A1 /* HLSView.swift */,
			);
			path = HLS;
			sourceTree = "<group>";
		};
		54677E8627A91FAF00419FBB /* WebRTC */ = {
			isa = PBXGroup;
			children = (
				541BD19A27C5E94E00B8C69C /* Menu */,
				541BA09F27C5A8E600E995CA /* Video */,
				54677E9B27B12A1500419FBB /* WebRTCView.swift */,
				54695D0E27BBF94300CF78F2 /* WebRTCBottomNavigationView.swift */,
				541BD1A527C5FF1500B8C69C /* WebRTCTopNavigationView.swift */,
			);
			path = WebRTC;
			sourceTree = "<group>";
		};
		54677E9327AF014600419FBB /* HLS */ = {
			isa = PBXGroup;
			children = (
				54677E8327A891FC00419FBB /* HLSViewModel+HLSModelDelegate.swift */,
				54677E8127A85DAC00419FBB /* HLSViewModel.swift */,
			);
			path = HLS;
			sourceTree = "<group>";
		};
		54677E9427AF015600419FBB /* WebRTC */ = {
			isa = PBXGroup;
			children = (
				54677E9727AFA53B00419FBB /* WebRTCViewModel.swift */,
				54677E9927B02CD900419FBB /* WebRTCViewModel+WebRTCModelDelegate.swift */,
			);
			path = WebRTC;
			sourceTree = "<group>";
		};
		54F9A81C279CFE9900E994A1 = {
			isa = PBXGroup;
			children = (
				54F9A827279CFE9900E994A1 /* iOSCamera */,
				54F9A838279CFE9C00E994A1 /* iOSCameraTests */,
				54F9A842279CFE9C00E994A1 /* iOSCameraUITests */,
				54F9A826279CFE9900E994A1 /* Products */,
				A891BB00495ECF7B05FEC589 /* Pods */,
				072D126D1BF01751A476E573 /* Frameworks */,
			);
			sourceTree = "<group>";
		};
		54F9A826279CFE9900E994A1 /* Products */ = {
			isa = PBXGroup;
			children = (
				54F9A825279CFE9900E994A1 /* iOSCamera.app */,
				54F9A835279CFE9C00E994A1 /* iOSCameraTests.xctest */,
				54F9A83F279CFE9C00E994A1 /* iOSCameraUITests.xctest */,
			);
			name = Products;
			sourceTree = "<group>";
		};
		54F9A827279CFE9900E994A1 /* iOSCamera */ = {
			isa = PBXGroup;
			children = (
				541BA07827C2B80600E995CA /* MLModels */,
				54677E8027A8563500419FBB /* ViewModels */,
				54677E59279FAE0900419FBB /* Views */,
				54677E52279EC61100419FBB /* Constants */,
				54677E4A279E778300419FBB /* Models */,
				54677E47279E775C00419FBB /* Services */,
				54677E41279DCF6700419FBB /* Networking */,
				54677E36279D8BCC00419FBB /* Utilities */,
				54F9A828279CFE9900E994A1 /* iOSCameraApp.swift */,
				54F9A82C279CFE9C00E994A1 /* Assets.xcassets */,
				54F9A82E279CFE9C00E994A1 /* Preview Content */,
				54677E3D279DB65600419FBB /* iOSCamera-Bridging-Header.h */,
			);
			path = iOSCamera;
			sourceTree = "<group>";
		};
		54F9A82E279CFE9C00E994A1 /* Preview Content */ = {
			isa = PBXGroup;
			children = (
				54F9A82F279CFE9C00E994A1 /* Preview Assets.xcassets */,
			);
			path = "Preview Content";
			sourceTree = "<group>";
		};
		54F9A838279CFE9C00E994A1 /* iOSCameraTests */ = {
			isa = PBXGroup;
			children = (
				54677E3A279D8CC500419FBB /* Utilities */,
				54F9A839279CFE9C00E994A1 /* iOSCameraTests.swift */,
			);
			path = iOSCameraTests;
			sourceTree = "<group>";
		};
		54F9A842279CFE9C00E994A1 /* iOSCameraUITests */ = {
			isa = PBXGroup;
			children = (
				54F9A843279CFE9C00E994A1 /* iOSCameraUITests.swift */,
				54F9A845279CFE9C00E994A1 /* iOSCameraUITestsLaunchTests.swift */,
			);
			path = iOSCameraUITests;
			sourceTree = "<group>";
		};
		A891BB00495ECF7B05FEC589 /* Pods */ = {
			isa = PBXGroup;
			children = (
				E76FBAD1C034E20D3E312436 /* Pods-iOSCamera.debug.xcconfig */,
				03798A83EB2C456012957177 /* Pods-iOSCamera.release.xcconfig */,
				9E90A28D6E762A20242E74B9 /* Pods-iOSCamera-iOSCameraUITests.debug.xcconfig */,
				9C667836B9FBAEEB4C1FC798 /* Pods-iOSCamera-iOSCameraUITests.release.xcconfig */,
				7DF30F6C1C24963DF45D6104 /* Pods-iOSCameraTests.debug.xcconfig */,
				AB749A711E4812D045A032C5 /* Pods-iOSCameraTests.release.xcconfig */,
			);
			path = Pods;
			sourceTree = "<group>";
		};
/* End PBXGroup section */

/* Begin PBXNativeTarget section */
		54F9A824279CFE9900E994A1 /* iOSCamera */ = {
			isa = PBXNativeTarget;
			buildConfigurationList = 54F9A849279CFE9C00E994A1 /* Build configuration list for PBXNativeTarget "iOSCamera" */;
			buildPhases = (
				DB59E2F09B41A9EF3E597F4F /* [CP] Check Pods Manifest.lock */,
				54F9A821279CFE9900E994A1 /* Sources */,
				54F9A822279CFE9900E994A1 /* Frameworks */,
				54F9A823279CFE9900E994A1 /* Resources */,
				D171DA1911135DFA264BEDB1 /* [CP] Embed Pods Frameworks */,
				54677E35279D408800419FBB /* Run SwiftLint */,
			);
			buildRules = (
			);
			dependencies = (
			);
			name = iOSCamera;
			productName = iOSCamera;
			productReference = 54F9A825279CFE9900E994A1 /* iOSCamera.app */;
			productType = "com.apple.product-type.application";
		};
		54F9A834279CFE9C00E994A1 /* iOSCameraTests */ = {
			isa = PBXNativeTarget;
			buildConfigurationList = 54F9A84C279CFE9C00E994A1 /* Build configuration list for PBXNativeTarget "iOSCameraTests" */;
			buildPhases = (
				350EAD2084BC4867217BE52E /* [CP] Check Pods Manifest.lock */,
				54F9A831279CFE9C00E994A1 /* Sources */,
				54F9A832279CFE9C00E994A1 /* Frameworks */,
				54F9A833279CFE9C00E994A1 /* Resources */,
			);
			buildRules = (
			);
			dependencies = (
				54F9A837279CFE9C00E994A1 /* PBXTargetDependency */,
			);
			name = iOSCameraTests;
			productName = iOSCameraTests;
			productReference = 54F9A835279CFE9C00E994A1 /* iOSCameraTests.xctest */;
			productType = "com.apple.product-type.bundle.unit-test";
		};
		54F9A83E279CFE9C00E994A1 /* iOSCameraUITests */ = {
			isa = PBXNativeTarget;
			buildConfigurationList = 54F9A84F279CFE9C00E994A1 /* Build configuration list for PBXNativeTarget "iOSCameraUITests" */;
			buildPhases = (
				42BC93A82B23248A7DEE828A /* [CP] Check Pods Manifest.lock */,
				54F9A83B279CFE9C00E994A1 /* Sources */,
				54F9A83C279CFE9C00E994A1 /* Frameworks */,
				54F9A83D279CFE9C00E994A1 /* Resources */,
				8637AE9A22451AFFC2082340 /* [CP] Embed Pods Frameworks */,
			);
			buildRules = (
			);
			dependencies = (
				54F9A841279CFE9C00E994A1 /* PBXTargetDependency */,
			);
			name = iOSCameraUITests;
			productName = iOSCameraUITests;
			productReference = 54F9A83F279CFE9C00E994A1 /* iOSCameraUITests.xctest */;
			productType = "com.apple.product-type.bundle.ui-testing";
		};
/* End PBXNativeTarget section */

/* Begin PBXProject section */
		54F9A81D279CFE9900E994A1 /* Project object */ = {
			isa = PBXProject;
			attributes = {
				BuildIndependentTargetsInParallel = 1;
				LastSwiftUpdateCheck = 1320;
				LastUpgradeCheck = 1320;
				TargetAttributes = {
					54F9A824279CFE9900E994A1 = {
						CreatedOnToolsVersion = 13.2.1;
						LastSwiftMigration = 1320;
					};
					54F9A834279CFE9C00E994A1 = {
						CreatedOnToolsVersion = 13.2.1;
						TestTargetID = 54F9A824279CFE9900E994A1;
					};
					54F9A83E279CFE9C00E994A1 = {
						CreatedOnToolsVersion = 13.2.1;
						TestTargetID = 54F9A824279CFE9900E994A1;
					};
				};
			};
			buildConfigurationList = 54F9A820279CFE9900E994A1 /* Build configuration list for PBXProject "iOSCamera" */;
			compatibilityVersion = "Xcode 13.0";
			developmentRegion = en;
			hasScannedForEncodings = 0;
			knownRegions = (
				en,
				Base,
			);
			mainGroup = 54F9A81C279CFE9900E994A1;
			productRefGroup = 54F9A826279CFE9900E994A1 /* Products */;
			projectDirPath = "";
			projectRoot = "";
			targets = (
				54F9A824279CFE9900E994A1 /* iOSCamera */,
				54F9A834279CFE9C00E994A1 /* iOSCameraTests */,
				54F9A83E279CFE9C00E994A1 /* iOSCameraUITests */,
			);
		};
/* End PBXProject section */

/* Begin PBXResourcesBuildPhase section */
		54F9A823279CFE9900E994A1 /* Resources */ = {
			isa = PBXResourcesBuildPhase;
			buildActionMask = 2147483647;
			files = (
				54F9A830279CFE9C00E994A1 /* Preview Assets.xcassets in Resources */,
				54F9A82D279CFE9C00E994A1 /* Assets.xcassets in Resources */,
			);
			runOnlyForDeploymentPostprocessing = 0;
		};
		54F9A833279CFE9C00E994A1 /* Resources */ = {
			isa = PBXResourcesBuildPhase;
			buildActionMask = 2147483647;
			files = (
			);
			runOnlyForDeploymentPostprocessing = 0;
		};
		54F9A83D279CFE9C00E994A1 /* Resources */ = {
			isa = PBXResourcesBuildPhase;
			buildActionMask = 2147483647;
			files = (
			);
			runOnlyForDeploymentPostprocessing = 0;
		};
/* End PBXResourcesBuildPhase section */

/* Begin PBXShellScriptBuildPhase section */
		350EAD2084BC4867217BE52E /* [CP] Check Pods Manifest.lock */ = {
			isa = PBXShellScriptBuildPhase;
			buildActionMask = 2147483647;
			files = (
			);
			inputFileListPaths = (
			);
			inputPaths = (
				"${PODS_PODFILE_DIR_PATH}/Podfile.lock",
				"${PODS_ROOT}/Manifest.lock",
			);
			name = "[CP] Check Pods Manifest.lock";
			outputFileListPaths = (
			);
			outputPaths = (
				"$(DERIVED_FILE_DIR)/Pods-iOSCameraTests-checkManifestLockResult.txt",
			);
			runOnlyForDeploymentPostprocessing = 0;
			shellPath = /bin/sh;
			shellScript = "diff \"${PODS_PODFILE_DIR_PATH}/Podfile.lock\" \"${PODS_ROOT}/Manifest.lock\" > /dev/null\nif [ $? != 0 ] ; then\n    # print error to STDERR\n    echo \"error: The sandbox is not in sync with the Podfile.lock. Run 'pod install' or update your CocoaPods installation.\" >&2\n    exit 1\nfi\n# This output is used by Xcode 'outputs' to avoid re-running this script phase.\necho \"SUCCESS\" > \"${SCRIPT_OUTPUT_FILE_0}\"\n";
			showEnvVarsInLog = 0;
		};
		42BC93A82B23248A7DEE828A /* [CP] Check Pods Manifest.lock */ = {
			isa = PBXShellScriptBuildPhase;
			buildActionMask = 2147483647;
			files = (
			);
			inputFileListPaths = (
			);
			inputPaths = (
				"${PODS_PODFILE_DIR_PATH}/Podfile.lock",
				"${PODS_ROOT}/Manifest.lock",
			);
			name = "[CP] Check Pods Manifest.lock";
			outputFileListPaths = (
			);
			outputPaths = (
				"$(DERIVED_FILE_DIR)/Pods-iOSCamera-iOSCameraUITests-checkManifestLockResult.txt",
			);
			runOnlyForDeploymentPostprocessing = 0;
			shellPath = /bin/sh;
			shellScript = "diff \"${PODS_PODFILE_DIR_PATH}/Podfile.lock\" \"${PODS_ROOT}/Manifest.lock\" > /dev/null\nif [ $? != 0 ] ; then\n    # print error to STDERR\n    echo \"error: The sandbox is not in sync with the Podfile.lock. Run 'pod install' or update your CocoaPods installation.\" >&2\n    exit 1\nfi\n# This output is used by Xcode 'outputs' to avoid re-running this script phase.\necho \"SUCCESS\" > \"${SCRIPT_OUTPUT_FILE_0}\"\n";
			showEnvVarsInLog = 0;
		};
		54677E35279D408800419FBB /* Run SwiftLint */ = {
			isa = PBXShellScriptBuildPhase;
			buildActionMask = 2147483647;
			files = (
			);
			inputFileListPaths = (
			);
			inputPaths = (
			);
			name = "Run SwiftLint";
			outputFileListPaths = (
			);
			outputPaths = (
			);
			runOnlyForDeploymentPostprocessing = 0;
			shellPath = /bin/sh;
			shellScript = "if which swiftlint >/dev/null; then\n  swiftlint\nelse\n  echo \"SwiftLint does not exist, download from https://github.com/realm/SwiftLint\"\nfi\n";
		};
		8637AE9A22451AFFC2082340 /* [CP] Embed Pods Frameworks */ = {
			isa = PBXShellScriptBuildPhase;
			buildActionMask = 2147483647;
			files = (
			);
			inputFileListPaths = (
				"${PODS_ROOT}/Target Support Files/Pods-iOSCamera-iOSCameraUITests/Pods-iOSCamera-iOSCameraUITests-frameworks-${CONFIGURATION}-input-files.xcfilelist",
			);
			name = "[CP] Embed Pods Frameworks";
			outputFileListPaths = (
				"${PODS_ROOT}/Target Support Files/Pods-iOSCamera-iOSCameraUITests/Pods-iOSCamera-iOSCameraUITests-frameworks-${CONFIGURATION}-output-files.xcfilelist",
			);
			runOnlyForDeploymentPostprocessing = 0;
			shellPath = /bin/sh;
			shellScript = "\"${PODS_ROOT}/Target Support Files/Pods-iOSCamera-iOSCameraUITests/Pods-iOSCamera-iOSCameraUITests-frameworks.sh\"\n";
			showEnvVarsInLog = 0;
		};
		D171DA1911135DFA264BEDB1 /* [CP] Embed Pods Frameworks */ = {
			isa = PBXShellScriptBuildPhase;
			buildActionMask = 2147483647;
			files = (
			);
			inputFileListPaths = (
				"${PODS_ROOT}/Target Support Files/Pods-iOSCamera/Pods-iOSCamera-frameworks-${CONFIGURATION}-input-files.xcfilelist",
			);
			name = "[CP] Embed Pods Frameworks";
			outputFileListPaths = (
				"${PODS_ROOT}/Target Support Files/Pods-iOSCamera/Pods-iOSCamera-frameworks-${CONFIGURATION}-output-files.xcfilelist",
			);
			runOnlyForDeploymentPostprocessing = 0;
			shellPath = /bin/sh;
			shellScript = "\"${PODS_ROOT}/Target Support Files/Pods-iOSCamera/Pods-iOSCamera-frameworks.sh\"\n";
			showEnvVarsInLog = 0;
		};
		DB59E2F09B41A9EF3E597F4F /* [CP] Check Pods Manifest.lock */ = {
			isa = PBXShellScriptBuildPhase;
			buildActionMask = 2147483647;
			files = (
			);
			inputFileListPaths = (
			);
			inputPaths = (
				"${PODS_PODFILE_DIR_PATH}/Podfile.lock",
				"${PODS_ROOT}/Manifest.lock",
			);
			name = "[CP] Check Pods Manifest.lock";
			outputFileListPaths = (
			);
			outputPaths = (
				"$(DERIVED_FILE_DIR)/Pods-iOSCamera-checkManifestLockResult.txt",
			);
			runOnlyForDeploymentPostprocessing = 0;
			shellPath = /bin/sh;
			shellScript = "diff \"${PODS_PODFILE_DIR_PATH}/Podfile.lock\" \"${PODS_ROOT}/Manifest.lock\" > /dev/null\nif [ $? != 0 ] ; then\n    # print error to STDERR\n    echo \"error: The sandbox is not in sync with the Podfile.lock. Run 'pod install' or update your CocoaPods installation.\" >&2\n    exit 1\nfi\n# This output is used by Xcode 'outputs' to avoid re-running this script phase.\necho \"SUCCESS\" > \"${SCRIPT_OUTPUT_FILE_0}\"\n";
			showEnvVarsInLog = 0;
		};
/* End PBXShellScriptBuildPhase section */

/* Begin PBXSourcesBuildPhase section */
		54F9A821279CFE9900E994A1 /* Sources */ = {
			isa = PBXSourcesBuildPhase;
			buildActionMask = 2147483647;
			files = (
				541BA07727C0742800E995CA /* StartView.swift in Sources */,
				541BA08627C4E25700E995CA /* UIImage.swift in Sources */,
				541BA09627C51F8B00E995CA /* Pydnet.mlmodel in Sources */,
				541BA0A227C5C99700E995CA /* UIApplication.swift in Sources */,
				54F9A82B279CFE9900E994A1 /* HLSView.swift in Sources */,
				54677E49279E777400419FBB /* AlertReporting.swift in Sources */,
				54677E9827AFA53B00419FBB /* WebRTCViewModel.swift in Sources */,
				54695D0927BB9E8000CF78F2 /* WebRTCConnectToggleView.swift in Sources */,
				54677E5B279FAE2700419FBB /* HLSVideoView.swift in Sources */,
				541BD1A027C5EBAF00B8C69C /* WebRTCMenuItemView.swift in Sources */,
				54677E6527A018EE00419FBB /* RTCStates.swift in Sources */,
				54677EA027B4FEB200419FBB /* Debuggable.swift in Sources */,
				54F9A829279CFE9900E994A1 /* iOSCameraApp.swift in Sources */,
				54677E54279ED58700419FBB /* HLSModel+AVCaptureVideoDataOutputSampleBufferDelegate.swift in Sources */,
				54695D0D27BBE19200CF78F2 /* String.swift in Sources */,
				54677E7A27A3264300419FBB /* WebRTCConstants.swift in Sources */,
				54677E6927A02ED000419FBB /* WebRTCSignal.swift in Sources */,
				54677E7427A08BEB00419FBB /* WebRTCClient+RTCVideoCapturerDelegate.swift in Sources */,
				54677E7627A1CDC700419FBB /* WebRTCModel.swift in Sources */,
				54677E7227A0755500419FBB /* WebRTCClient+RTCPeerConnectionDelegate.swift in Sources */,
				54695D0327BA0F7100CF78F2 /* Color.swift in Sources */,
				541BD1A627C5FF1500B8C69C /* WebRTCTopNavigationView.swift in Sources */,
				54677E39279D8C4700419FBB /* IP.m in Sources */,
				54677E51279E869800419FBB /* HLSModel.swift in Sources */,
				541BA07C27C2D20A00E995CA /* CVPixelBuffer.swift in Sources */,
				54677E8427A891FC00419FBB /* HLSViewModel+HLSModelDelegate.swift in Sources */,
				541BD19E27C5EA3B00B8C69C /* WebRTCMenuTitleView.swift in Sources */,
				54677E58279F407500419FBB /* HLSModel+GCDAsyncSocketDelegate.swift in Sources */,
				54677E4C279E77BC00419FBB /* AlertModel.swift in Sources */,
				54695D0B27BBC07C00CF78F2 /* WebRTCURLTextFieldView.swift in Sources */,
				54677E56279EEA8200419FBB /* HLSConstants.swift in Sources */,
				54677E6B27A0319E00419FBB /* WebRTCSignal+WebSocketDelegate.swift in Sources */,
				54677E7027A0699E00419FBB /* WebRTCClient+RTCDataChannelDelegate.swift in Sources */,
				54677E6327A015E500419FBB /* IceCandidate.swift in Sources */,
				541BD1A427C5FAC300B8C69C /* WebRTCSettingsView.swift in Sources */,
				541BD1A227C5EC6100B8C69C /* WebRTCInfoView.swift in Sources */,
				54677E8C27ABB68300419FBB /* VideoConfiguring.swift in Sources */,
				54677E9227AF000300419FBB /* WebRTCModel+WebRTCSignalDelegate.swift in Sources */,
				54695CFD27B7377700CF78F2 /* UIInterfaceOrientation.swift in Sources */,
				54677E8E27AC526F00419FBB /* HLSModel+VideoConfiguringDelegate.swift in Sources */,
				54677E6727A02E6B00419FBB /* SessionDescription.swift in Sources */,
				54677E9C27B12A1500419FBB /* WebRTCView.swift in Sources */,
				54677E9E27B1A09000419FBB /* WebRTCMTLVideoView.swift in Sources */,
				54677E60279FE53500419FBB /* WebSocket+URLSessionWebSocketDelegate+URLSessionDelegate.swift in Sources */,
				54677E7F27A673BB00419FBB /* WiFiToggleStyle.swift in Sources */,
				545699AC27C64CE40076B192 /* PydnetPredicting.swift in Sources */,
				54677E40279DCDEC00419FBB /* RGB.m in Sources */,
				541BA09827C544FA00E995CA /* PydnetConstants.swift in Sources */,
				541BD19C27C5E99B00B8C69C /* WebRTCMenuHeaderView.swift in Sources */,
				54695D0F27BBF94300CF78F2 /* WebRTCBottomNavigationView.swift in Sources */,
				54677E44279DD1CE00419FBB /* HLSStream.swift in Sources */,
				54677E8827A9200200419FBB /* WebRTCEAGLVideoView.swift in Sources */,
				54677E5E279FE43500419FBB /* WebSocket.swift in Sources */,
				54677E9027AE692300419FBB /* WebRTCModel+VideoConfiguringDelegate.swift in Sources */,
				54677E9627AF018800419FBB /* WebRTCModel+WebRTCClientDelegate.swift in Sources */,
				54677E8227A85DAC00419FBB /* HLSViewModel.swift in Sources */,
				54677E6D27A036F500419FBB /* WebRTCClient.swift in Sources */,
				54677E9A27B02CD900419FBB /* WebRTCViewModel+WebRTCModelDelegate.swift in Sources */,
				54695CFF27B79B4400CF78F2 /* WebRTCVideoView.swift in Sources */,
			);
			runOnlyForDeploymentPostprocessing = 0;
		};
		54F9A831279CFE9C00E994A1 /* Sources */ = {
			isa = PBXSourcesBuildPhase;
			buildActionMask = 2147483647;
			files = (
				54677E3C279DB60900419FBB /* IPTests.swift in Sources */,
				54F9A83A279CFE9C00E994A1 /* iOSCameraTests.swift in Sources */,
			);
			runOnlyForDeploymentPostprocessing = 0;
		};
		54F9A83B279CFE9C00E994A1 /* Sources */ = {
			isa = PBXSourcesBuildPhase;
			buildActionMask = 2147483647;
			files = (
				54F9A844279CFE9C00E994A1 /* iOSCameraUITests.swift in Sources */,
				54F9A846279CFE9C00E994A1 /* iOSCameraUITestsLaunchTests.swift in Sources */,
			);
			runOnlyForDeploymentPostprocessing = 0;
		};
/* End PBXSourcesBuildPhase section */

/* Begin PBXTargetDependency section */
		54F9A837279CFE9C00E994A1 /* PBXTargetDependency */ = {
			isa = PBXTargetDependency;
			target = 54F9A824279CFE9900E994A1 /* iOSCamera */;
			targetProxy = 54F9A836279CFE9C00E994A1 /* PBXContainerItemProxy */;
		};
		54F9A841279CFE9C00E994A1 /* PBXTargetDependency */ = {
			isa = PBXTargetDependency;
			target = 54F9A824279CFE9900E994A1 /* iOSCamera */;
			targetProxy = 54F9A840279CFE9C00E994A1 /* PBXContainerItemProxy */;
		};
/* End PBXTargetDependency section */

/* Begin XCBuildConfiguration section */
		54F9A847279CFE9C00E994A1 /* Debug */ = {
			isa = XCBuildConfiguration;
			buildSettings = {
				ALWAYS_SEARCH_USER_PATHS = NO;
				CLANG_ANALYZER_NONNULL = YES;
				CLANG_ANALYZER_NUMBER_OBJECT_CONVERSION = YES_AGGRESSIVE;
				CLANG_CXX_LANGUAGE_STANDARD = "gnu++17";
				CLANG_CXX_LIBRARY = "libc++";
				CLANG_ENABLE_MODULES = YES;
				CLANG_ENABLE_OBJC_ARC = YES;
				CLANG_ENABLE_OBJC_WEAK = YES;
				CLANG_WARN_BLOCK_CAPTURE_AUTORELEASING = YES;
				CLANG_WARN_BOOL_CONVERSION = YES;
				CLANG_WARN_COMMA = YES;
				CLANG_WARN_CONSTANT_CONVERSION = YES;
				CLANG_WARN_DEPRECATED_OBJC_IMPLEMENTATIONS = YES;
				CLANG_WARN_DIRECT_OBJC_ISA_USAGE = YES_ERROR;
				CLANG_WARN_DOCUMENTATION_COMMENTS = YES;
				CLANG_WARN_EMPTY_BODY = YES;
				CLANG_WARN_ENUM_CONVERSION = YES;
				CLANG_WARN_INFINITE_RECURSION = YES;
				CLANG_WARN_INT_CONVERSION = YES;
				CLANG_WARN_NON_LITERAL_NULL_CONVERSION = YES;
				CLANG_WARN_OBJC_IMPLICIT_RETAIN_SELF = YES;
				CLANG_WARN_OBJC_LITERAL_CONVERSION = YES;
				CLANG_WARN_OBJC_ROOT_CLASS = YES_ERROR;
				CLANG_WARN_QUOTED_INCLUDE_IN_FRAMEWORK_HEADER = YES;
				CLANG_WARN_RANGE_LOOP_ANALYSIS = YES;
				CLANG_WARN_STRICT_PROTOTYPES = YES;
				CLANG_WARN_SUSPICIOUS_MOVE = YES;
				CLANG_WARN_UNGUARDED_AVAILABILITY = YES_AGGRESSIVE;
				CLANG_WARN_UNREACHABLE_CODE = YES;
				CLANG_WARN__DUPLICATE_METHOD_MATCH = YES;
				COPY_PHASE_STRIP = NO;
				DEBUG_INFORMATION_FORMAT = dwarf;
				ENABLE_STRICT_OBJC_MSGSEND = YES;
				ENABLE_TESTABILITY = YES;
				GCC_C_LANGUAGE_STANDARD = gnu11;
				GCC_DYNAMIC_NO_PIC = NO;
				GCC_NO_COMMON_BLOCKS = YES;
				GCC_OPTIMIZATION_LEVEL = 0;
				GCC_PREPROCESSOR_DEFINITIONS = (
					"DEBUG=1",
					"$(inherited)",
				);
				GCC_WARN_64_TO_32_BIT_CONVERSION = YES;
				GCC_WARN_ABOUT_RETURN_TYPE = YES_ERROR;
				GCC_WARN_UNDECLARED_SELECTOR = YES;
				GCC_WARN_UNINITIALIZED_AUTOS = YES_AGGRESSIVE;
				GCC_WARN_UNUSED_FUNCTION = YES;
				GCC_WARN_UNUSED_VARIABLE = YES;
				INFOPLIST_KEY_UILaunchScreen_Generation = NO;
				IPHONEOS_DEPLOYMENT_TARGET = 15.1;
				MTL_ENABLE_DEBUG_INFO = INCLUDE_SOURCE;
				MTL_FAST_MATH = YES;
				ONLY_ACTIVE_ARCH = YES;
				SDKROOT = iphoneos;
				SWIFT_ACTIVE_COMPILATION_CONDITIONS = DEBUG;
				SWIFT_OPTIMIZATION_LEVEL = "-Onone";
			};
			name = Debug;
		};
		54F9A848279CFE9C00E994A1 /* Release */ = {
			isa = XCBuildConfiguration;
			buildSettings = {
				ALWAYS_SEARCH_USER_PATHS = NO;
				CLANG_ANALYZER_NONNULL = YES;
				CLANG_ANALYZER_NUMBER_OBJECT_CONVERSION = YES_AGGRESSIVE;
				CLANG_CXX_LANGUAGE_STANDARD = "gnu++17";
				CLANG_CXX_LIBRARY = "libc++";
				CLANG_ENABLE_MODULES = YES;
				CLANG_ENABLE_OBJC_ARC = YES;
				CLANG_ENABLE_OBJC_WEAK = YES;
				CLANG_WARN_BLOCK_CAPTURE_AUTORELEASING = YES;
				CLANG_WARN_BOOL_CONVERSION = YES;
				CLANG_WARN_COMMA = YES;
				CLANG_WARN_CONSTANT_CONVERSION = YES;
				CLANG_WARN_DEPRECATED_OBJC_IMPLEMENTATIONS = YES;
				CLANG_WARN_DIRECT_OBJC_ISA_USAGE = YES_ERROR;
				CLANG_WARN_DOCUMENTATION_COMMENTS = YES;
				CLANG_WARN_EMPTY_BODY = YES;
				CLANG_WARN_ENUM_CONVERSION = YES;
				CLANG_WARN_INFINITE_RECURSION = YES;
				CLANG_WARN_INT_CONVERSION = YES;
				CLANG_WARN_NON_LITERAL_NULL_CONVERSION = YES;
				CLANG_WARN_OBJC_IMPLICIT_RETAIN_SELF = YES;
				CLANG_WARN_OBJC_LITERAL_CONVERSION = YES;
				CLANG_WARN_OBJC_ROOT_CLASS = YES_ERROR;
				CLANG_WARN_QUOTED_INCLUDE_IN_FRAMEWORK_HEADER = YES;
				CLANG_WARN_RANGE_LOOP_ANALYSIS = YES;
				CLANG_WARN_STRICT_PROTOTYPES = YES;
				CLANG_WARN_SUSPICIOUS_MOVE = YES;
				CLANG_WARN_UNGUARDED_AVAILABILITY = YES_AGGRESSIVE;
				CLANG_WARN_UNREACHABLE_CODE = YES;
				CLANG_WARN__DUPLICATE_METHOD_MATCH = YES;
				COPY_PHASE_STRIP = NO;
				DEBUG_INFORMATION_FORMAT = "dwarf-with-dsym";
				ENABLE_NS_ASSERTIONS = NO;
				ENABLE_STRICT_OBJC_MSGSEND = YES;
				GCC_C_LANGUAGE_STANDARD = gnu11;
				GCC_NO_COMMON_BLOCKS = YES;
				GCC_WARN_64_TO_32_BIT_CONVERSION = YES;
				GCC_WARN_ABOUT_RETURN_TYPE = YES_ERROR;
				GCC_WARN_UNDECLARED_SELECTOR = YES;
				GCC_WARN_UNINITIALIZED_AUTOS = YES_AGGRESSIVE;
				GCC_WARN_UNUSED_FUNCTION = YES;
				GCC_WARN_UNUSED_VARIABLE = YES;
				INFOPLIST_KEY_UILaunchScreen_Generation = NO;
				IPHONEOS_DEPLOYMENT_TARGET = 15.1;
				MTL_ENABLE_DEBUG_INFO = NO;
				MTL_FAST_MATH = YES;
				SDKROOT = iphoneos;
				SWIFT_COMPILATION_MODE = wholemodule;
				SWIFT_OPTIMIZATION_LEVEL = "-O";
				VALIDATE_PRODUCT = YES;
			};
			name = Release;
		};
		54F9A84A279CFE9C00E994A1 /* Debug */ = {
			isa = XCBuildConfiguration;
			baseConfigurationReference = E76FBAD1C034E20D3E312436 /* Pods-iOSCamera.debug.xcconfig */;
			buildSettings = {
				ASSETCATALOG_COMPILER_APPICON_NAME = AppIcon;
				ASSETCATALOG_COMPILER_GLOBAL_ACCENT_COLOR_NAME = AccentColor;
				CLANG_ENABLE_MODULES = YES;
				CODE_SIGN_STYLE = Automatic;
				CURRENT_PROJECT_VERSION = 1;
				DEFINES_MODULE = YES;
				DEVELOPMENT_ASSET_PATHS = "\"iOSCamera/Preview Content\"";
				DEVELOPMENT_TEAM = CX5837YGS6;
				ENABLE_BITCODE = NO;
				ENABLE_PREVIEWS = YES;
				GENERATE_INFOPLIST_FILE = YES;
				INFOPLIST_FILE = iOSCamera/Info.plist;
				INFOPLIST_KEY_CFBundleDisplayName = iOSCamera;
				INFOPLIST_KEY_NSCameraUsageDescription = "Need camera access for streaming videos";
				INFOPLIST_KEY_UIApplicationSceneManifest_Generation = YES;
				INFOPLIST_KEY_UIApplicationSupportsIndirectInputEvents = YES;
				INFOPLIST_KEY_UILaunchScreen_Generation = YES;
				INFOPLIST_KEY_UILaunchStoryboardName = LaunchImage;
				INFOPLIST_KEY_UISupportedInterfaceOrientations = UIInterfaceOrientationPortrait;
				INFOPLIST_KEY_UISupportedInterfaceOrientations_iPad = UIInterfaceOrientationPortrait;
				INFOPLIST_KEY_UISupportedInterfaceOrientations_iPhone = UIInterfaceOrientationPortrait;
				IPHONEOS_DEPLOYMENT_TARGET = 15.1;
				LD_RUNPATH_SEARCH_PATHS = (
					"$(inherited)",
					"@executable_path/Frameworks",
				);
				MARKETING_VERSION = 1.0.0;
				PRODUCT_BUNDLE_IDENTIFIER = io.github.ognis1205.iOSCamera;
				PRODUCT_NAME = "$(TARGET_NAME)";
				SWIFT_EMIT_LOC_STRINGS = YES;
				SWIFT_OBJC_BRIDGING_HEADER = "/Users/shin/Documents/github/slam-at-home/iOSCamera/iOSCamera/iOSCamera-Bridging-Header.h";
				SWIFT_OPTIMIZATION_LEVEL = "-Onone";
				SWIFT_VERSION = 5.0;
				TARGETED_DEVICE_FAMILY = 1;
				TVOS_DEPLOYMENT_TARGET = 15.1;
			};
			name = Debug;
		};
		54F9A84B279CFE9C00E994A1 /* Release */ = {
			isa = XCBuildConfiguration;
			baseConfigurationReference = 03798A83EB2C456012957177 /* Pods-iOSCamera.release.xcconfig */;
			buildSettings = {
				ASSETCATALOG_COMPILER_APPICON_NAME = AppIcon;
				ASSETCATALOG_COMPILER_GLOBAL_ACCENT_COLOR_NAME = AccentColor;
				CLANG_ENABLE_MODULES = YES;
				CODE_SIGN_STYLE = Automatic;
				CURRENT_PROJECT_VERSION = 1;
				DEFINES_MODULE = YES;
				DEVELOPMENT_ASSET_PATHS = "\"iOSCamera/Preview Content\"";
				DEVELOPMENT_TEAM = CX5837YGS6;
				ENABLE_PREVIEWS = YES;
				GENERATE_INFOPLIST_FILE = YES;
				INFOPLIST_FILE = iOSCamera/Info.plist;
				INFOPLIST_KEY_CFBundleDisplayName = iOSCamera;
				INFOPLIST_KEY_NSCameraUsageDescription = "Need camera access for streaming videos";
				INFOPLIST_KEY_UIApplicationSceneManifest_Generation = YES;
				INFOPLIST_KEY_UIApplicationSupportsIndirectInputEvents = YES;
				INFOPLIST_KEY_UILaunchScreen_Generation = YES;
				INFOPLIST_KEY_UILaunchStoryboardName = LaunchImage;
				INFOPLIST_KEY_UISupportedInterfaceOrientations = UIInterfaceOrientationPortrait;
				INFOPLIST_KEY_UISupportedInterfaceOrientations_iPad = UIInterfaceOrientationPortrait;
				INFOPLIST_KEY_UISupportedInterfaceOrientations_iPhone = UIInterfaceOrientationPortrait;
				IPHONEOS_DEPLOYMENT_TARGET = 15.1;
				LD_RUNPATH_SEARCH_PATHS = (
					"$(inherited)",
					"@executable_path/Frameworks",
				);
				MARKETING_VERSION = 1.0.0;
				PRODUCT_BUNDLE_IDENTIFIER = io.github.ognis1205.iOSCamera;
				PRODUCT_NAME = "$(TARGET_NAME)";
				SWIFT_EMIT_LOC_STRINGS = YES;
				SWIFT_OBJC_BRIDGING_HEADER = "/Users/shin/Documents/github/slam-at-home/iOSCamera/iOSCamera/iOSCamera-Bridging-Header.h";
				SWIFT_VERSION = 5.0;
				TARGETED_DEVICE_FAMILY = 1;
				TVOS_DEPLOYMENT_TARGET = 15.1;
			};
			name = Release;
		};
		54F9A84D279CFE9C00E994A1 /* Debug */ = {
			isa = XCBuildConfiguration;
			baseConfigurationReference = 7DF30F6C1C24963DF45D6104 /* Pods-iOSCameraTests.debug.xcconfig */;
			buildSettings = {
				ALWAYS_EMBED_SWIFT_STANDARD_LIBRARIES = YES;
				BUNDLE_LOADER = "$(TEST_HOST)";
				CODE_SIGN_STYLE = Automatic;
				CURRENT_PROJECT_VERSION = 1;
				DEVELOPMENT_TEAM = CX5837YGS6;
				GENERATE_INFOPLIST_FILE = YES;
				IPHONEOS_DEPLOYMENT_TARGET = 15.1;
				MARKETING_VERSION = 1.0;
				PRODUCT_BUNDLE_IDENTIFIER = io.github.ognis1205.iOSCameraTests;
				PRODUCT_NAME = "$(TARGET_NAME)";
				SWIFT_EMIT_LOC_STRINGS = NO;
				SWIFT_VERSION = 5.0;
				TARGETED_DEVICE_FAMILY = "1,2";
				TEST_HOST = "$(BUILT_PRODUCTS_DIR)/iOSCamera.app/iOSCamera";
				TVOS_DEPLOYMENT_TARGET = 15.1;
			};
			name = Debug;
		};
		54F9A84E279CFE9C00E994A1 /* Release */ = {
			isa = XCBuildConfiguration;
			baseConfigurationReference = AB749A711E4812D045A032C5 /* Pods-iOSCameraTests.release.xcconfig */;
			buildSettings = {
				ALWAYS_EMBED_SWIFT_STANDARD_LIBRARIES = YES;
				BUNDLE_LOADER = "$(TEST_HOST)";
				CODE_SIGN_STYLE = Automatic;
				CURRENT_PROJECT_VERSION = 1;
				DEVELOPMENT_TEAM = CX5837YGS6;
				GENERATE_INFOPLIST_FILE = YES;
				IPHONEOS_DEPLOYMENT_TARGET = 15.1;
				MARKETING_VERSION = 1.0;
				PRODUCT_BUNDLE_IDENTIFIER = io.github.ognis1205.iOSCameraTests;
				PRODUCT_NAME = "$(TARGET_NAME)";
				SWIFT_EMIT_LOC_STRINGS = NO;
				SWIFT_VERSION = 5.0;
				TARGETED_DEVICE_FAMILY = "1,2";
				TEST_HOST = "$(BUILT_PRODUCTS_DIR)/iOSCamera.app/iOSCamera";
				TVOS_DEPLOYMENT_TARGET = 15.1;
			};
			name = Release;
		};
		54F9A850279CFE9C00E994A1 /* Debug */ = {
			isa = XCBuildConfiguration;
			baseConfigurationReference = 9E90A28D6E762A20242E74B9 /* Pods-iOSCamera-iOSCameraUITests.debug.xcconfig */;
			buildSettings = {
				ALWAYS_EMBED_SWIFT_STANDARD_LIBRARIES = YES;
				CODE_SIGN_STYLE = Automatic;
				CURRENT_PROJECT_VERSION = 1;
				DEVELOPMENT_TEAM = CX5837YGS6;
				GENERATE_INFOPLIST_FILE = YES;
				IPHONEOS_DEPLOYMENT_TARGET = 15.1;
				MARKETING_VERSION = 1.0;
				PRODUCT_BUNDLE_IDENTIFIER = io.github.ognis1205.iOSCameraUITests;
				PRODUCT_NAME = "$(TARGET_NAME)";
				SWIFT_EMIT_LOC_STRINGS = NO;
				SWIFT_VERSION = 5.0;
				TARGETED_DEVICE_FAMILY = "1,2";
				TEST_TARGET_NAME = iOSCamera;
				TVOS_DEPLOYMENT_TARGET = 15.1;
			};
			name = Debug;
		};
		54F9A851279CFE9C00E994A1 /* Release */ = {
			isa = XCBuildConfiguration;
			baseConfigurationReference = 9C667836B9FBAEEB4C1FC798 /* Pods-iOSCamera-iOSCameraUITests.release.xcconfig */;
			buildSettings = {
				ALWAYS_EMBED_SWIFT_STANDARD_LIBRARIES = YES;
				CODE_SIGN_STYLE = Automatic;
				CURRENT_PROJECT_VERSION = 1;
				DEVELOPMENT_TEAM = CX5837YGS6;
				GENERATE_INFOPLIST_FILE = YES;
				IPHONEOS_DEPLOYMENT_TARGET = 15.1;
				MARKETING_VERSION = 1.0;
				PRODUCT_BUNDLE_IDENTIFIER = io.github.ognis1205.iOSCameraUITests;
				PRODUCT_NAME = "$(TARGET_NAME)";
				SWIFT_EMIT_LOC_STRINGS = NO;
				SWIFT_VERSION = 5.0;
				TARGETED_DEVICE_FAMILY = "1,2";
				TEST_TARGET_NAME = iOSCamera;
				TVOS_DEPLOYMENT_TARGET = 15.1;
			};
			name = Release;
		};
/* End XCBuildConfiguration section */

/* Begin XCConfigurationList section */
		54F9A820279CFE9900E994A1 /* Build configuration list for PBXProject "iOSCamera" */ = {
			isa = XCConfigurationList;
			buildConfigurations = (
				54F9A847279CFE9C00E994A1 /* Debug */,
				54F9A848279CFE9C00E994A1 /* Release */,
			);
			defaultConfigurationIsVisible = 0;
			defaultConfigurationName = Release;
		};
		54F9A849279CFE9C00E994A1 /* Build configuration list for PBXNativeTarget "iOSCamera" */ = {
			isa = XCConfigurationList;
			buildConfigurations = (
				54F9A84A279CFE9C00E994A1 /* Debug */,
				54F9A84B279CFE9C00E994A1 /* Release */,
			);
			defaultConfigurationIsVisible = 0;
			defaultConfigurationName = Release;
		};
		54F9A84C279CFE9C00E994A1 /* Build configuration list for PBXNativeTarget "iOSCameraTests" */ = {
			isa = XCConfigurationList;
			buildConfigurations = (
				54F9A84D279CFE9C00E994A1 /* Debug */,
				54F9A84E279CFE9C00E994A1 /* Release */,
			);
			defaultConfigurationIsVisible = 0;
			defaultConfigurationName = Release;
		};
		54F9A84F279CFE9C00E994A1 /* Build configuration list for PBXNativeTarget "iOSCameraUITests" */ = {
			isa = XCConfigurationList;
			buildConfigurations = (
				54F9A850279CFE9C00E994A1 /* Debug */,
				54F9A851279CFE9C00E994A1 /* Release */,
			);
			defaultConfigurationIsVisible = 0;
			defaultConfigurationName = Release;
		};
/* End XCConfigurationList section */
	};
	rootObject = 54F9A81D279CFE9900E994A1 /* Project object */;
}
