// !$*UTF8*$!
{
	archiveVersion = 1;
	classes = {
	};
	objectVersion = 55;
	objects = {

/* Begin PBXBuildFile section */
		542FF8F2279B5547005859E6 /* iOSCameraApp.swift in Sources */ = {isa = PBXBuildFile; fileRef = 542FF8F1279B5547005859E6 /* iOSCameraApp.swift */; };
		542FF8F4279B5547005859E6 /* ContentView.swift in Sources */ = {isa = PBXBuildFile; fileRef = 542FF8F3279B5547005859E6 /* ContentView.swift */; };
		542FF8F6279B554A005859E6 /* Assets.xcassets in Resources */ = {isa = PBXBuildFile; fileRef = 542FF8F5279B554A005859E6 /* Assets.xcassets */; };
		542FF8F9279B554A005859E6 /* Preview Assets.xcassets in Resources */ = {isa = PBXBuildFile; fileRef = 542FF8F8279B554A005859E6 /* Preview Assets.xcassets */; };
		542FF903279B554B005859E6 /* iOSCameraTests.swift in Sources */ = {isa = PBXBuildFile; fileRef = 542FF902279B554B005859E6 /* iOSCameraTests.swift */; };
		542FF90D279B554B005859E6 /* iOSCameraUITests.swift in Sources */ = {isa = PBXBuildFile; fileRef = 542FF90C279B554B005859E6 /* iOSCameraUITests.swift */; };
		542FF90F279B554B005859E6 /* iOSCameraUITestsLaunchTests.swift in Sources */ = {isa = PBXBuildFile; fileRef = 542FF90E279B554B005859E6 /* iOSCameraUITestsLaunchTests.swift */; };
/* End PBXBuildFile section */

/* Begin PBXContainerItemProxy section */
		542FF8FF279B554B005859E6 /* PBXContainerItemProxy */ = {
			isa = PBXContainerItemProxy;
			containerPortal = 542FF8E6279B5547005859E6 /* Project object */;
			proxyType = 1;
			remoteGlobalIDString = 542FF8ED279B5547005859E6;
			remoteInfo = iOSCamera;
		};
		542FF909279B554B005859E6 /* PBXContainerItemProxy */ = {
			isa = PBXContainerItemProxy;
			containerPortal = 542FF8E6279B5547005859E6 /* Project object */;
			proxyType = 1;
			remoteGlobalIDString = 542FF8ED279B5547005859E6;
			remoteInfo = iOSCamera;
		};
/* End PBXContainerItemProxy section */

/* Begin PBXFileReference section */
		542FF8EE279B5547005859E6 /* iOSCamera.app */ = {isa = PBXFileReference; explicitFileType = wrapper.application; includeInIndex = 0; path = iOSCamera.app; sourceTree = BUILT_PRODUCTS_DIR; };
		542FF8F1279B5547005859E6 /* iOSCameraApp.swift */ = {isa = PBXFileReference; lastKnownFileType = sourcecode.swift; path = iOSCameraApp.swift; sourceTree = "<group>"; };
		542FF8F3279B5547005859E6 /* ContentView.swift */ = {isa = PBXFileReference; lastKnownFileType = sourcecode.swift; path = ContentView.swift; sourceTree = "<group>"; };
		542FF8F5279B554A005859E6 /* Assets.xcassets */ = {isa = PBXFileReference; lastKnownFileType = folder.assetcatalog; path = Assets.xcassets; sourceTree = "<group>"; };
		542FF8F8279B554A005859E6 /* Preview Assets.xcassets */ = {isa = PBXFileReference; lastKnownFileType = folder.assetcatalog; path = "Preview Assets.xcassets"; sourceTree = "<group>"; };
		542FF8FE279B554B005859E6 /* iOSCameraTests.xctest */ = {isa = PBXFileReference; explicitFileType = wrapper.cfbundle; includeInIndex = 0; path = iOSCameraTests.xctest; sourceTree = BUILT_PRODUCTS_DIR; };
		542FF902279B554B005859E6 /* iOSCameraTests.swift */ = {isa = PBXFileReference; lastKnownFileType = sourcecode.swift; path = iOSCameraTests.swift; sourceTree = "<group>"; };
		542FF908279B554B005859E6 /* iOSCameraUITests.xctest */ = {isa = PBXFileReference; explicitFileType = wrapper.cfbundle; includeInIndex = 0; path = iOSCameraUITests.xctest; sourceTree = BUILT_PRODUCTS_DIR; };
		542FF90C279B554B005859E6 /* iOSCameraUITests.swift */ = {isa = PBXFileReference; lastKnownFileType = sourcecode.swift; path = iOSCameraUITests.swift; sourceTree = "<group>"; };
		542FF90E279B554B005859E6 /* iOSCameraUITestsLaunchTests.swift */ = {isa = PBXFileReference; lastKnownFileType = sourcecode.swift; path = iOSCameraUITestsLaunchTests.swift; sourceTree = "<group>"; };
/* End PBXFileReference section */

/* Begin PBXFrameworksBuildPhase section */
		542FF8EB279B5547005859E6 /* Frameworks */ = {
			isa = PBXFrameworksBuildPhase;
			buildActionMask = 2147483647;
			files = (
			);
			runOnlyForDeploymentPostprocessing = 0;
		};
		542FF8FB279B554B005859E6 /* Frameworks */ = {
			isa = PBXFrameworksBuildPhase;
			buildActionMask = 2147483647;
			files = (
			);
			runOnlyForDeploymentPostprocessing = 0;
		};
		542FF905279B554B005859E6 /* Frameworks */ = {
			isa = PBXFrameworksBuildPhase;
			buildActionMask = 2147483647;
			files = (
			);
			runOnlyForDeploymentPostprocessing = 0;
		};
/* End PBXFrameworksBuildPhase section */

/* Begin PBXGroup section */
		542FF8E5279B5547005859E6 = {
			isa = PBXGroup;
			children = (
				542FF8F0279B5547005859E6 /* iOSCamera */,
				542FF901279B554B005859E6 /* iOSCameraTests */,
				542FF90B279B554B005859E6 /* iOSCameraUITests */,
				542FF8EF279B5547005859E6 /* Products */,
			);
			sourceTree = "<group>";
		};
		542FF8EF279B5547005859E6 /* Products */ = {
			isa = PBXGroup;
			children = (
				542FF8EE279B5547005859E6 /* iOSCamera.app */,
				542FF8FE279B554B005859E6 /* iOSCameraTests.xctest */,
				542FF908279B554B005859E6 /* iOSCameraUITests.xctest */,
			);
			name = Products;
			sourceTree = "<group>";
		};
		542FF8F0279B5547005859E6 /* iOSCamera */ = {
			isa = PBXGroup;
			children = (
				542FF8F1279B5547005859E6 /* iOSCameraApp.swift */,
				542FF8F3279B5547005859E6 /* ContentView.swift */,
				542FF8F5279B554A005859E6 /* Assets.xcassets */,
				542FF8F7279B554A005859E6 /* Preview Content */,
			);
			path = iOSCamera;
			sourceTree = "<group>";
		};
		542FF8F7279B554A005859E6 /* Preview Content */ = {
			isa = PBXGroup;
			children = (
				542FF8F8279B554A005859E6 /* Preview Assets.xcassets */,
			);
			path = "Preview Content";
			sourceTree = "<group>";
		};
		542FF901279B554B005859E6 /* iOSCameraTests */ = {
			isa = PBXGroup;
			children = (
				542FF902279B554B005859E6 /* iOSCameraTests.swift */,
			);
			path = iOSCameraTests;
			sourceTree = "<group>";
		};
		542FF90B279B554B005859E6 /* iOSCameraUITests */ = {
			isa = PBXGroup;
			children = (
				542FF90C279B554B005859E6 /* iOSCameraUITests.swift */,
				542FF90E279B554B005859E6 /* iOSCameraUITestsLaunchTests.swift */,
			);
			path = iOSCameraUITests;
			sourceTree = "<group>";
		};
/* End PBXGroup section */

/* Begin PBXNativeTarget section */
		542FF8ED279B5547005859E6 /* iOSCamera */ = {
			isa = PBXNativeTarget;
			buildConfigurationList = 542FF912279B554B005859E6 /* Build configuration list for PBXNativeTarget "iOSCamera" */;
			buildPhases = (
				542FF8EA279B5547005859E6 /* Sources */,
				542FF8EB279B5547005859E6 /* Frameworks */,
				542FF8EC279B5547005859E6 /* Resources */,
			);
			buildRules = (
			);
			dependencies = (
			);
			name = iOSCamera;
			productName = iOSCamera;
			productReference = 542FF8EE279B5547005859E6 /* iOSCamera.app */;
			productType = "com.apple.product-type.application";
		};
		542FF8FD279B554B005859E6 /* iOSCameraTests */ = {
			isa = PBXNativeTarget;
			buildConfigurationList = 542FF915279B554B005859E6 /* Build configuration list for PBXNativeTarget "iOSCameraTests" */;
			buildPhases = (
				542FF8FA279B554B005859E6 /* Sources */,
				542FF8FB279B554B005859E6 /* Frameworks */,
				542FF8FC279B554B005859E6 /* Resources */,
			);
			buildRules = (
			);
			dependencies = (
				542FF900279B554B005859E6 /* PBXTargetDependency */,
			);
			name = iOSCameraTests;
			productName = iOSCameraTests;
			productReference = 542FF8FE279B554B005859E6 /* iOSCameraTests.xctest */;
			productType = "com.apple.product-type.bundle.unit-test";
		};
		542FF907279B554B005859E6 /* iOSCameraUITests */ = {
			isa = PBXNativeTarget;
			buildConfigurationList = 542FF918279B554B005859E6 /* Build configuration list for PBXNativeTarget "iOSCameraUITests" */;
			buildPhases = (
				542FF904279B554B005859E6 /* Sources */,
				542FF905279B554B005859E6 /* Frameworks */,
				542FF906279B554B005859E6 /* Resources */,
			);
			buildRules = (
			);
			dependencies = (
				542FF90A279B554B005859E6 /* PBXTargetDependency */,
			);
			name = iOSCameraUITests;
			productName = iOSCameraUITests;
			productReference = 542FF908279B554B005859E6 /* iOSCameraUITests.xctest */;
			productType = "com.apple.product-type.bundle.ui-testing";
		};
/* End PBXNativeTarget section */

/* Begin PBXProject section */
		542FF8E6279B5547005859E6 /* Project object */ = {
			isa = PBXProject;
			attributes = {
				BuildIndependentTargetsInParallel = 1;
				LastSwiftUpdateCheck = 1320;
				LastUpgradeCheck = 1320;
				TargetAttributes = {
					542FF8ED279B5547005859E6 = {
						CreatedOnToolsVersion = 13.2.1;
					};
					542FF8FD279B554B005859E6 = {
						CreatedOnToolsVersion = 13.2.1;
						TestTargetID = 542FF8ED279B5547005859E6;
					};
					542FF907279B554B005859E6 = {
						CreatedOnToolsVersion = 13.2.1;
						TestTargetID = 542FF8ED279B5547005859E6;
					};
				};
			};
			buildConfigurationList = 542FF8E9279B5547005859E6 /* Build configuration list for PBXProject "iOSCamera" */;
			compatibilityVersion = "Xcode 13.0";
			developmentRegion = en;
			hasScannedForEncodings = 0;
			knownRegions = (
				en,
				Base,
			);
			mainGroup = 542FF8E5279B5547005859E6;
			productRefGroup = 542FF8EF279B5547005859E6 /* Products */;
			projectDirPath = "";
			projectRoot = "";
			targets = (
				542FF8ED279B5547005859E6 /* iOSCamera */,
				542FF8FD279B554B005859E6 /* iOSCameraTests */,
				542FF907279B554B005859E6 /* iOSCameraUITests */,
			);
		};
/* End PBXProject section */

/* Begin PBXResourcesBuildPhase section */
		542FF8EC279B5547005859E6 /* Resources */ = {
			isa = PBXResourcesBuildPhase;
			buildActionMask = 2147483647;
			files = (
				542FF8F9279B554A005859E6 /* Preview Assets.xcassets in Resources */,
				542FF8F6279B554A005859E6 /* Assets.xcassets in Resources */,
			);
			runOnlyForDeploymentPostprocessing = 0;
		};
		542FF8FC279B554B005859E6 /* Resources */ = {
			isa = PBXResourcesBuildPhase;
			buildActionMask = 2147483647;
			files = (
			);
			runOnlyForDeploymentPostprocessing = 0;
		};
		542FF906279B554B005859E6 /* Resources */ = {
			isa = PBXResourcesBuildPhase;
			buildActionMask = 2147483647;
			files = (
			);
			runOnlyForDeploymentPostprocessing = 0;
		};
/* End PBXResourcesBuildPhase section */

/* Begin PBXSourcesBuildPhase section */
		542FF8EA279B5547005859E6 /* Sources */ = {
			isa = PBXSourcesBuildPhase;
			buildActionMask = 2147483647;
			files = (
				542FF8F4279B5547005859E6 /* ContentView.swift in Sources */,
				542FF8F2279B5547005859E6 /* iOSCameraApp.swift in Sources */,
			);
			runOnlyForDeploymentPostprocessing = 0;
		};
		542FF8FA279B554B005859E6 /* Sources */ = {
			isa = PBXSourcesBuildPhase;
			buildActionMask = 2147483647;
			files = (
				542FF903279B554B005859E6 /* iOSCameraTests.swift in Sources */,
			);
			runOnlyForDeploymentPostprocessing = 0;
		};
		542FF904279B554B005859E6 /* Sources */ = {
			isa = PBXSourcesBuildPhase;
			buildActionMask = 2147483647;
			files = (
				542FF90D279B554B005859E6 /* iOSCameraUITests.swift in Sources */,
				542FF90F279B554B005859E6 /* iOSCameraUITestsLaunchTests.swift in Sources */,
			);
			runOnlyForDeploymentPostprocessing = 0;
		};
/* End PBXSourcesBuildPhase section */

/* Begin PBXTargetDependency section */
		542FF900279B554B005859E6 /* PBXTargetDependency */ = {
			isa = PBXTargetDependency;
			target = 542FF8ED279B5547005859E6 /* iOSCamera */;
			targetProxy = 542FF8FF279B554B005859E6 /* PBXContainerItemProxy */;
		};
		542FF90A279B554B005859E6 /* PBXTargetDependency */ = {
			isa = PBXTargetDependency;
			target = 542FF8ED279B5547005859E6 /* iOSCamera */;
			targetProxy = 542FF909279B554B005859E6 /* PBXContainerItemProxy */;
		};
/* End PBXTargetDependency section */

/* Begin XCBuildConfiguration section */
		542FF910279B554B005859E6 /* Debug */ = {
			isa = XCBuildConfiguration;
			buildSettings = {
				ALWAYS_SEARCH_USER_PATHS = NO;
				CLANG_ANALYZER_NONNULL = YES;
				CLANG_ANALYZER_NUMBER_OBJECT_CONVERSION = YES_AGGRESSIVE;
				CLANG_CXX_LANGUAGE_STANDARD = "gnu++17";
				CLANG_CXX_LIBRARY = "libc++";
				CLANG_ENABLE_MODULES = YES;
				CLANG_ENABLE_OBJC_ARC = YES;
				CLANG_ENABLE_OBJC_WEAK = YES;
				CLANG_WARN_BLOCK_CAPTURE_AUTORELEASING = YES;
				CLANG_WARN_BOOL_CONVERSION = YES;
				CLANG_WARN_COMMA = YES;
				CLANG_WARN_CONSTANT_CONVERSION = YES;
				CLANG_WARN_DEPRECATED_OBJC_IMPLEMENTATIONS = YES;
				CLANG_WARN_DIRECT_OBJC_ISA_USAGE = YES_ERROR;
				CLANG_WARN_DOCUMENTATION_COMMENTS = YES;
				CLANG_WARN_EMPTY_BODY = YES;
				CLANG_WARN_ENUM_CONVERSION = YES;
				CLANG_WARN_INFINITE_RECURSION = YES;
				CLANG_WARN_INT_CONVERSION = YES;
				CLANG_WARN_NON_LITERAL_NULL_CONVERSION = YES;
				CLANG_WARN_OBJC_IMPLICIT_RETAIN_SELF = YES;
				CLANG_WARN_OBJC_LITERAL_CONVERSION = YES;
				CLANG_WARN_OBJC_ROOT_CLASS = YES_ERROR;
				CLANG_WARN_QUOTED_INCLUDE_IN_FRAMEWORK_HEADER = YES;
				CLANG_WARN_RANGE_LOOP_ANALYSIS = YES;
				CLANG_WARN_STRICT_PROTOTYPES = YES;
				CLANG_WARN_SUSPICIOUS_MOVE = YES;
				CLANG_WARN_UNGUARDED_AVAILABILITY = YES_AGGRESSIVE;
				CLANG_WARN_UNREACHABLE_CODE = YES;
				CLANG_WARN__DUPLICATE_METHOD_MATCH = YES;
				COPY_PHASE_STRIP = NO;
				DEBUG_INFORMATION_FORMAT = dwarf;
				ENABLE_STRICT_OBJC_MSGSEND = YES;
				ENABLE_TESTABILITY = YES;
				GCC_C_LANGUAGE_STANDARD = gnu11;
				GCC_DYNAMIC_NO_PIC = NO;
				GCC_NO_COMMON_BLOCKS = YES;
				GCC_OPTIMIZATION_LEVEL = 0;
				GCC_PREPROCESSOR_DEFINITIONS = (
					"DEBUG=1",
					"$(inherited)",
				);
				GCC_WARN_64_TO_32_BIT_CONVERSION = YES;
				GCC_WARN_ABOUT_RETURN_TYPE = YES_ERROR;
				GCC_WARN_UNDECLARED_SELECTOR = YES;
				GCC_WARN_UNINITIALIZED_AUTOS = YES_AGGRESSIVE;
				GCC_WARN_UNUSED_FUNCTION = YES;
				GCC_WARN_UNUSED_VARIABLE = YES;
				IPHONEOS_DEPLOYMENT_TARGET = 15.2;
				MTL_ENABLE_DEBUG_INFO = INCLUDE_SOURCE;
				MTL_FAST_MATH = YES;
				ONLY_ACTIVE_ARCH = YES;
				SDKROOT = iphoneos;
				SWIFT_ACTIVE_COMPILATION_CONDITIONS = DEBUG;
				SWIFT_OPTIMIZATION_LEVEL = "-Onone";
			};
			name = Debug;
		};
		542FF911279B554B005859E6 /* Release */ = {
			isa = XCBuildConfiguration;
			buildSettings = {
				ALWAYS_SEARCH_USER_PATHS = NO;
				CLANG_ANALYZER_NONNULL = YES;
				CLANG_ANALYZER_NUMBER_OBJECT_CONVERSION = YES_AGGRESSIVE;
				CLANG_CXX_LANGUAGE_STANDARD = "gnu++17";
				CLANG_CXX_LIBRARY = "libc++";
				CLANG_ENABLE_MODULES = YES;
				CLANG_ENABLE_OBJC_ARC = YES;
				CLANG_ENABLE_OBJC_WEAK = YES;
				CLANG_WARN_BLOCK_CAPTURE_AUTORELEASING = YES;
				CLANG_WARN_BOOL_CONVERSION = YES;
				CLANG_WARN_COMMA = YES;
				CLANG_WARN_CONSTANT_CONVERSION = YES;
				CLANG_WARN_DEPRECATED_OBJC_IMPLEMENTATIONS = YES;
				CLANG_WARN_DIRECT_OBJC_ISA_USAGE = YES_ERROR;
				CLANG_WARN_DOCUMENTATION_COMMENTS = YES;
				CLANG_WARN_EMPTY_BODY = YES;
				CLANG_WARN_ENUM_CONVERSION = YES;
				CLANG_WARN_INFINITE_RECURSION = YES;
				CLANG_WARN_INT_CONVERSION = YES;
				CLANG_WARN_NON_LITERAL_NULL_CONVERSION = YES;
				CLANG_WARN_OBJC_IMPLICIT_RETAIN_SELF = YES;
				CLANG_WARN_OBJC_LITERAL_CONVERSION = YES;
				CLANG_WARN_OBJC_ROOT_CLASS = YES_ERROR;
				CLANG_WARN_QUOTED_INCLUDE_IN_FRAMEWORK_HEADER = YES;
				CLANG_WARN_RANGE_LOOP_ANALYSIS = YES;
				CLANG_WARN_STRICT_PROTOTYPES = YES;
				CLANG_WARN_SUSPICIOUS_MOVE = YES;
				CLANG_WARN_UNGUARDED_AVAILABILITY = YES_AGGRESSIVE;
				CLANG_WARN_UNREACHABLE_CODE = YES;
				CLANG_WARN__DUPLICATE_METHOD_MATCH = YES;
				COPY_PHASE_STRIP = NO;
				DEBUG_INFORMATION_FORMAT = "dwarf-with-dsym";
				ENABLE_NS_ASSERTIONS = NO;
				ENABLE_STRICT_OBJC_MSGSEND = YES;
				GCC_C_LANGUAGE_STANDARD = gnu11;
				GCC_NO_COMMON_BLOCKS = YES;
				GCC_WARN_64_TO_32_BIT_CONVERSION = YES;
				GCC_WARN_ABOUT_RETURN_TYPE = YES_ERROR;
				GCC_WARN_UNDECLARED_SELECTOR = YES;
				GCC_WARN_UNINITIALIZED_AUTOS = YES_AGGRESSIVE;
				GCC_WARN_UNUSED_FUNCTION = YES;
				GCC_WARN_UNUSED_VARIABLE = YES;
				IPHONEOS_DEPLOYMENT_TARGET = 15.2;
				MTL_ENABLE_DEBUG_INFO = NO;
				MTL_FAST_MATH = YES;
				SDKROOT = iphoneos;
				SWIFT_COMPILATION_MODE = wholemodule;
				SWIFT_OPTIMIZATION_LEVEL = "-O";
				VALIDATE_PRODUCT = YES;
			};
			name = Release;
		};
		542FF913279B554B005859E6 /* Debug */ = {
			isa = XCBuildConfiguration;
			buildSettings = {
				ASSETCATALOG_COMPILER_APPICON_NAME = AppIcon;
				ASSETCATALOG_COMPILER_GLOBAL_ACCENT_COLOR_NAME = AccentColor;
				CODE_SIGN_STYLE = Automatic;
				CURRENT_PROJECT_VERSION = 1;
				DEVELOPMENT_ASSET_PATHS = "\"iOSCamera/Preview Content\"";
				DEVELOPMENT_TEAM = CX5837YGS6;
				ENABLE_PREVIEWS = YES;
				GENERATE_INFOPLIST_FILE = YES;
				INFOPLIST_KEY_UIApplicationSceneManifest_Generation = YES;
				INFOPLIST_KEY_UIApplicationSupportsIndirectInputEvents = YES;
				INFOPLIST_KEY_UILaunchScreen_Generation = YES;
				INFOPLIST_KEY_UISupportedInterfaceOrientations_iPad = "UIInterfaceOrientationPortrait UIInterfaceOrientationPortraitUpsideDown UIInterfaceOrientationLandscapeLeft UIInterfaceOrientationLandscapeRight";
				INFOPLIST_KEY_UISupportedInterfaceOrientations_iPhone = "UIInterfaceOrientationPortrait UIInterfaceOrientationLandscapeLeft UIInterfaceOrientationLandscapeRight";
				LD_RUNPATH_SEARCH_PATHS = (
					"$(inherited)",
					"@executable_path/Frameworks",
				);
				MARKETING_VERSION = 1.0;
				PRODUCT_BUNDLE_IDENTIFIER = io.github.ognis1205.iOSCamera;
				PRODUCT_NAME = "$(TARGET_NAME)";
				SWIFT_EMIT_LOC_STRINGS = YES;
				SWIFT_VERSION = 5.0;
				TARGETED_DEVICE_FAMILY = "1,2";
			};
			name = Debug;
		};
		542FF914279B554B005859E6 /* Release */ = {
			isa = XCBuildConfiguration;
			buildSettings = {
				ASSETCATALOG_COMPILER_APPICON_NAME = AppIcon;
				ASSETCATALOG_COMPILER_GLOBAL_ACCENT_COLOR_NAME = AccentColor;
				CODE_SIGN_STYLE = Automatic;
				CURRENT_PROJECT_VERSION = 1;
				DEVELOPMENT_ASSET_PATHS = "\"iOSCamera/Preview Content\"";
				DEVELOPMENT_TEAM = CX5837YGS6;
				ENABLE_PREVIEWS = YES;
				GENERATE_INFOPLIST_FILE = YES;
				INFOPLIST_KEY_UIApplicationSceneManifest_Generation = YES;
				INFOPLIST_KEY_UIApplicationSupportsIndirectInputEvents = YES;
				INFOPLIST_KEY_UILaunchScreen_Generation = YES;
				INFOPLIST_KEY_UISupportedInterfaceOrientations_iPad = "UIInterfaceOrientationPortrait UIInterfaceOrientationPortraitUpsideDown UIInterfaceOrientationLandscapeLeft UIInterfaceOrientationLandscapeRight";
				INFOPLIST_KEY_UISupportedInterfaceOrientations_iPhone = "UIInterfaceOrientationPortrait UIInterfaceOrientationLandscapeLeft UIInterfaceOrientationLandscapeRight";
				LD_RUNPATH_SEARCH_PATHS = (
					"$(inherited)",
					"@executable_path/Frameworks",
				);
				MARKETING_VERSION = 1.0;
				PRODUCT_BUNDLE_IDENTIFIER = io.github.ognis1205.iOSCamera;
				PRODUCT_NAME = "$(TARGET_NAME)";
				SWIFT_EMIT_LOC_STRINGS = YES;
				SWIFT_VERSION = 5.0;
				TARGETED_DEVICE_FAMILY = "1,2";
			};
			name = Release;
		};
		542FF916279B554B005859E6 /* Debug */ = {
			isa = XCBuildConfiguration;
			buildSettings = {
				ALWAYS_EMBED_SWIFT_STANDARD_LIBRARIES = YES;
				BUNDLE_LOADER = "$(TEST_HOST)";
				CODE_SIGN_STYLE = Automatic;
				CURRENT_PROJECT_VERSION = 1;
				DEVELOPMENT_TEAM = CX5837YGS6;
				GENERATE_INFOPLIST_FILE = YES;
				IPHONEOS_DEPLOYMENT_TARGET = 15.2;
				MARKETING_VERSION = 1.0;
				PRODUCT_BUNDLE_IDENTIFIER = io.github.ognis1205.iOSCameraTests;
				PRODUCT_NAME = "$(TARGET_NAME)";
				SWIFT_EMIT_LOC_STRINGS = NO;
				SWIFT_VERSION = 5.0;
				TARGETED_DEVICE_FAMILY = "1,2";
				TEST_HOST = "$(BUILT_PRODUCTS_DIR)/iOSCamera.app/iOSCamera";
			};
			name = Debug;
		};
		542FF917279B554B005859E6 /* Release */ = {
			isa = XCBuildConfiguration;
			buildSettings = {
				ALWAYS_EMBED_SWIFT_STANDARD_LIBRARIES = YES;
				BUNDLE_LOADER = "$(TEST_HOST)";
				CODE_SIGN_STYLE = Automatic;
				CURRENT_PROJECT_VERSION = 1;
				DEVELOPMENT_TEAM = CX5837YGS6;
				GENERATE_INFOPLIST_FILE = YES;
				IPHONEOS_DEPLOYMENT_TARGET = 15.2;
				MARKETING_VERSION = 1.0;
				PRODUCT_BUNDLE_IDENTIFIER = io.github.ognis1205.iOSCameraTests;
				PRODUCT_NAME = "$(TARGET_NAME)";
				SWIFT_EMIT_LOC_STRINGS = NO;
				SWIFT_VERSION = 5.0;
				TARGETED_DEVICE_FAMILY = "1,2";
				TEST_HOST = "$(BUILT_PRODUCTS_DIR)/iOSCamera.app/iOSCamera";
			};
			name = Release;
		};
		542FF919279B554B005859E6 /* Debug */ = {
			isa = XCBuildConfiguration;
			buildSettings = {
				ALWAYS_EMBED_SWIFT_STANDARD_LIBRARIES = YES;
				CODE_SIGN_STYLE = Automatic;
				CURRENT_PROJECT_VERSION = 1;
				DEVELOPMENT_TEAM = CX5837YGS6;
				GENERATE_INFOPLIST_FILE = YES;
				MARKETING_VERSION = 1.0;
				PRODUCT_BUNDLE_IDENTIFIER = io.github.ognis1205.iOSCameraUITests;
				PRODUCT_NAME = "$(TARGET_NAME)";
				SWIFT_EMIT_LOC_STRINGS = NO;
				SWIFT_VERSION = 5.0;
				TARGETED_DEVICE_FAMILY = "1,2";
				TEST_TARGET_NAME = iOSCamera;
			};
			name = Debug;
		};
		542FF91A279B554B005859E6 /* Release */ = {
			isa = XCBuildConfiguration;
			buildSettings = {
				ALWAYS_EMBED_SWIFT_STANDARD_LIBRARIES = YES;
				CODE_SIGN_STYLE = Automatic;
				CURRENT_PROJECT_VERSION = 1;
				DEVELOPMENT_TEAM = CX5837YGS6;
				GENERATE_INFOPLIST_FILE = YES;
				MARKETING_VERSION = 1.0;
				PRODUCT_BUNDLE_IDENTIFIER = io.github.ognis1205.iOSCameraUITests;
				PRODUCT_NAME = "$(TARGET_NAME)";
				SWIFT_EMIT_LOC_STRINGS = NO;
				SWIFT_VERSION = 5.0;
				TARGETED_DEVICE_FAMILY = "1,2";
				TEST_TARGET_NAME = iOSCamera;
			};
			name = Release;
		};
/* End XCBuildConfiguration section */

/* Begin XCConfigurationList section */
		542FF8E9279B5547005859E6 /* Build configuration list for PBXProject "iOSCamera" */ = {
			isa = XCConfigurationList;
			buildConfigurations = (
				542FF910279B554B005859E6 /* Debug */,
				542FF911279B554B005859E6 /* Release */,
			);
			defaultConfigurationIsVisible = 0;
			defaultConfigurationName = Release;
		};
		542FF912279B554B005859E6 /* Build configuration list for PBXNativeTarget "iOSCamera" */ = {
			isa = XCConfigurationList;
			buildConfigurations = (
				542FF913279B554B005859E6 /* Debug */,
				542FF914279B554B005859E6 /* Release */,
			);
			defaultConfigurationIsVisible = 0;
			defaultConfigurationName = Release;
		};
		542FF915279B554B005859E6 /* Build configuration list for PBXNativeTarget "iOSCameraTests" */ = {
			isa = XCConfigurationList;
			buildConfigurations = (
				542FF916279B554B005859E6 /* Debug */,
				542FF917279B554B005859E6 /* Release */,
			);
			defaultConfigurationIsVisible = 0;
			defaultConfigurationName = Release;
		};
		542FF918279B554B005859E6 /* Build configuration list for PBXNativeTarget "iOSCameraUITests" */ = {
			isa = XCConfigurationList;
			buildConfigurations = (
				542FF919279B554B005859E6 /* Debug */,
				542FF91A279B554B005859E6 /* Release */,
			);
			defaultConfigurationIsVisible = 0;
			defaultConfigurationName = Release;
		};
/* End XCConfigurationList section */
	};
	rootObject = 542FF8E6279B5547005859E6 /* Project object */;
}
